// !$*UTF8*$!
{
	archiveVersion = 1;
	classes = {
	};
	objectVersion = 46;
	objects = {

/* Begin PBXBuildFile section */
		052214E21CC6B41B00F4F324 /* Contlist.m in Sources */ = {isa = PBXBuildFile; fileRef = 055C8B801AEAD9C6000813B3 /* Contlist.m */; };
		055C8B811AEAD9C6000813B3 /* Contlist.m in Sources */ = {isa = PBXBuildFile; fileRef = 055C8B801AEAD9C6000813B3 /* Contlist.m */; };
		056C96411BFF90F9005E9E21 /* libsqlite3.tbd in Frameworks */ = {isa = PBXBuildFile; fileRef = 056C96401BFF90F9005E9E21 /* libsqlite3.tbd */; };
		0577D5281C560571001261FD /* Howl.sql in Resources */ = {isa = PBXBuildFile; fileRef = 0577D5271C560570001261FD /* Howl.sql */; };
		05B0A3E81CC27DF700C4AE41 /* Interface.storyboard in Resources */ = {isa = PBXBuildFile; fileRef = 05B0A3E61CC27DF700C4AE41 /* Interface.storyboard */; };
		05B0A3EA1CC27DF700C4AE41 /* Assets.xcassets in Resources */ = {isa = PBXBuildFile; fileRef = 05B0A3E91CC27DF700C4AE41 /* Assets.xcassets */; };
		05B0A3F11CC27DF800C4AE41 /* Howl-Watch Extension.appex in Embed App Extensions */ = {isa = PBXBuildFile; fileRef = 05B0A3F01CC27DF700C4AE41 /* Howl-Watch Extension.appex */; settings = {ATTRIBUTES = (RemoveHeadersOnCopy, ); }; };
		05B0A3F81CC27DF800C4AE41 /* InterfaceController.swift in Sources */ = {isa = PBXBuildFile; fileRef = 05B0A3F71CC27DF800C4AE41 /* InterfaceController.swift */; };
		05B0A3FA1CC27DF800C4AE41 /* ExtensionDelegate.swift in Sources */ = {isa = PBXBuildFile; fileRef = 05B0A3F91CC27DF800C4AE41 /* ExtensionDelegate.swift */; };
		05B0A3FC1CC27DF800C4AE41 /* NotificationController.swift in Sources */ = {isa = PBXBuildFile; fileRef = 05B0A3FB1CC27DF800C4AE41 /* NotificationController.swift */; };
		05B0A3FE1CC27DF800C4AE41 /* Assets.xcassets in Resources */ = {isa = PBXBuildFile; fileRef = 05B0A3FD1CC27DF800C4AE41 /* Assets.xcassets */; };
		05B0A4021CC27DF800C4AE41 /* Howl-Watch.app in Embed Watch Content */ = {isa = PBXBuildFile; fileRef = 05B0A3E41CC27DF700C4AE41 /* Howl-Watch.app */; };
		05B5828D1CC69BA400A13386 /* operationLogic.swift in Sources */ = {isa = PBXBuildFile; fileRef = 05B5828C1CC69BA400A13386 /* operationLogic.swift */; };
		05B5828F1CC6A07500A13386 /* contactGrab.swift in Sources */ = {isa = PBXBuildFile; fileRef = 05B5828E1CC6A07500A13386 /* contactGrab.swift */; };
		05C225511ACA44FC00ACDF1A /* main.m in Sources */ = {isa = PBXBuildFile; fileRef = 05C225501ACA44FC00ACDF1A /* main.m */; };
		05C225541ACA44FC00ACDF1A /* AppDelegate.m in Sources */ = {isa = PBXBuildFile; fileRef = 05C225531ACA44FC00ACDF1A /* AppDelegate.m */; };
		05C2255F1ACA44FC00ACDF1A /* Images.xcassets in Resources */ = {isa = PBXBuildFile; fileRef = 05C2255E1ACA44FC00ACDF1A /* Images.xcassets */; };
		05C225621ACA44FC00ACDF1A /* LaunchScreen.xib in Resources */ = {isa = PBXBuildFile; fileRef = 05C225601ACA44FC00ACDF1A /* LaunchScreen.xib */; };
		05C2259F1ACA48A600ACDF1A /* AddressBook.framework in Frameworks */ = {isa = PBXBuildFile; fileRef = 05C2257C1ACA48A600ACDF1A /* AddressBook.framework */; };
		05C225A11ACA48A600ACDF1A /* AVFoundation.framework in Frameworks */ = {isa = PBXBuildFile; fileRef = 05C2257E1ACA48A600ACDF1A /* AVFoundation.framework */; };
		05C225A21ACA48A600ACDF1A /* AVKit.framework in Frameworks */ = {isa = PBXBuildFile; fileRef = 05C2257F1ACA48A600ACDF1A /* AVKit.framework */; };
		05C225A31ACA48A600ACDF1A /* CoreAudio.framework in Frameworks */ = {isa = PBXBuildFile; fileRef = 05C225801ACA48A600ACDF1A /* CoreAudio.framework */; };
		05C225A41ACA48A600ACDF1A /* CoreAudioKit.framework in Frameworks */ = {isa = PBXBuildFile; fileRef = 05C225811ACA48A600ACDF1A /* CoreAudioKit.framework */; };
		05C225A51ACA48A600ACDF1A /* CoreBluetooth.framework in Frameworks */ = {isa = PBXBuildFile; fileRef = 05C225821ACA48A600ACDF1A /* CoreBluetooth.framework */; };
		05C225A61ACA48A600ACDF1A /* CoreData.framework in Frameworks */ = {isa = PBXBuildFile; fileRef = 05C225831ACA48A600ACDF1A /* CoreData.framework */; };
		05C225A71ACA48A600ACDF1A /* CoreFoundation.framework in Frameworks */ = {isa = PBXBuildFile; fileRef = 05C225841ACA48A600ACDF1A /* CoreFoundation.framework */; };
		05C225A81ACA48A600ACDF1A /* CoreLocation.framework in Frameworks */ = {isa = PBXBuildFile; fileRef = 05C225851ACA48A600ACDF1A /* CoreLocation.framework */; };
		05C225A91ACA48A600ACDF1A /* CoreMedia.framework in Frameworks */ = {isa = PBXBuildFile; fileRef = 05C225861ACA48A600ACDF1A /* CoreMedia.framework */; };
		05C225AA1ACA48A600ACDF1A /* CoreTelephony.framework in Frameworks */ = {isa = PBXBuildFile; fileRef = 05C225871ACA48A600ACDF1A /* CoreTelephony.framework */; };
		05C225AB1ACA48A600ACDF1A /* CoreText.framework in Frameworks */ = {isa = PBXBuildFile; fileRef = 05C225881ACA48A600ACDF1A /* CoreText.framework */; };
		05C225AC1ACA48A600ACDF1A /* EventKit.framework in Frameworks */ = {isa = PBXBuildFile; fileRef = 05C225891ACA48A600ACDF1A /* EventKit.framework */; };
		05C225AD1ACA48A600ACDF1A /* EventKitUI.framework in Frameworks */ = {isa = PBXBuildFile; fileRef = 05C2258A1ACA48A600ACDF1A /* EventKitUI.framework */; };
		05C225AE1ACA48A600ACDF1A /* ExternalAccessory.framework in Frameworks */ = {isa = PBXBuildFile; fileRef = 05C2258B1ACA48A600ACDF1A /* ExternalAccessory.framework */; };
		05C225AF1ACA48A600ACDF1A /* Foundation.framework in Frameworks */ = {isa = PBXBuildFile; fileRef = 05C2258C1ACA48A600ACDF1A /* Foundation.framework */; };
		05C225B01ACA48A600ACDF1A /* ImageIO.framework in Frameworks */ = {isa = PBXBuildFile; fileRef = 05C2258D1ACA48A600ACDF1A /* ImageIO.framework */; };
		05C225B21ACA48A600ACDF1A /* LocalAuthentication.framework in Frameworks */ = {isa = PBXBuildFile; fileRef = 05C2258F1ACA48A600ACDF1A /* LocalAuthentication.framework */; };
		05C225B31ACA48A600ACDF1A /* MapKit.framework in Frameworks */ = {isa = PBXBuildFile; fileRef = 05C225901ACA48A600ACDF1A /* MapKit.framework */; };
		05C225B41ACA48A600ACDF1A /* MediaAccessibility.framework in Frameworks */ = {isa = PBXBuildFile; fileRef = 05C225911ACA48A600ACDF1A /* MediaAccessibility.framework */; };
		05C225B51ACA48A600ACDF1A /* MessageUI.framework in Frameworks */ = {isa = PBXBuildFile; fileRef = 05C225921ACA48A600ACDF1A /* MessageUI.framework */; };
		05C225B61ACA48A600ACDF1A /* MobileCoreServices.framework in Frameworks */ = {isa = PBXBuildFile; fileRef = 05C225931ACA48A600ACDF1A /* MobileCoreServices.framework */; };
		05C225B71ACA48A600ACDF1A /* MultipeerConnectivity.framework in Frameworks */ = {isa = PBXBuildFile; fileRef = 05C225941ACA48A600ACDF1A /* MultipeerConnectivity.framework */; };
		05C225B81ACA48A600ACDF1A /* NetworkExtension.framework in Frameworks */ = {isa = PBXBuildFile; fileRef = 05C225951ACA48A600ACDF1A /* NetworkExtension.framework */; };
		05C225B91ACA48A600ACDF1A /* NotificationCenter.framework in Frameworks */ = {isa = PBXBuildFile; fileRef = 05C225961ACA48A600ACDF1A /* NotificationCenter.framework */; };
		05C225BA1ACA48A600ACDF1A /* Photos.framework in Frameworks */ = {isa = PBXBuildFile; fileRef = 05C225971ACA48A600ACDF1A /* Photos.framework */; };
		05C225BB1ACA48A600ACDF1A /* PhotosUI.framework in Frameworks */ = {isa = PBXBuildFile; fileRef = 05C225981ACA48A600ACDF1A /* PhotosUI.framework */; };
		05C225BE1ACA48A600ACDF1A /* SystemConfiguration.framework in Frameworks */ = {isa = PBXBuildFile; fileRef = 05C2259B1ACA48A600ACDF1A /* SystemConfiguration.framework */; };
		05C225BF1ACA48A600ACDF1A /* UIKit.framework in Frameworks */ = {isa = PBXBuildFile; fileRef = 05C2259C1ACA48A600ACDF1A /* UIKit.framework */; };
		05C225C01ACA48A600ACDF1A /* WatchKit.framework in Frameworks */ = {isa = PBXBuildFile; fileRef = 05C2259D1ACA48A600ACDF1A /* WatchKit.framework */; };
		CC2245C31AD8DCE600C85392 /* 1HOWL_Title page.png in Resources */ = {isa = PBXBuildFile; fileRef = CC2245C21AD8DCE600C85392 /* 1HOWL_Title page.png */; };
		CC2245C71AD8E8C100C85392 /* 2HOWL_Photo page.png in Resources */ = {isa = PBXBuildFile; fileRef = CC2245C61AD8E8C100C85392 /* 2HOWL_Photo page.png */; };
		CC2245C91AD8ECAA00C85392 /* Main.storyboard in Resources */ = {isa = PBXBuildFile; fileRef = CC2245C81AD8ECAA00C85392 /* Main.storyboard */; };
		CC35E7011AD343B200A1E115 /* MapViewController.swift in Sources */ = {isa = PBXBuildFile; fileRef = CC35E7001AD343B200A1E115 /* MapViewController.swift */; };
		CC5816EF1AD9337F00B74281 /* HowlViewController.swift in Sources */ = {isa = PBXBuildFile; fileRef = CC5816EE1AD9337F00B74281 /* HowlViewController.swift */; };
		CC5816F11AD958F800B74281 /* place.swift in Sources */ = {isa = PBXBuildFile; fileRef = CC5816F01AD958F800B74281 /* place.swift */; };
		CC5816F31AD961FA00B74281 /* InitialViewController.swift in Sources */ = {isa = PBXBuildFile; fileRef = CC5816F21AD961FA00B74281 /* InitialViewController.swift */; };
/* End PBXBuildFile section */

/* Begin PBXContainerItemProxy section */
		05B0A3F21CC27DF800C4AE41 /* PBXContainerItemProxy */ = {
			isa = PBXContainerItemProxy;
			containerPortal = 05C225431ACA44FC00ACDF1A /* Project object */;
			proxyType = 1;
			remoteGlobalIDString = 05B0A3EF1CC27DF700C4AE41;
			remoteInfo = "Howl-Watch Extension";
		};
		05B0A4001CC27DF800C4AE41 /* PBXContainerItemProxy */ = {
			isa = PBXContainerItemProxy;
			containerPortal = 05C225431ACA44FC00ACDF1A /* Project object */;
			proxyType = 1;
			remoteGlobalIDString = 05B0A3E31CC27DF700C4AE41;
			remoteInfo = "Howl-Watch";
		};
/* End PBXContainerItemProxy section */

/* Begin PBXCopyFilesBuildPhase section */
		05B0A4061CC27DF800C4AE41 /* Embed App Extensions */ = {
			isa = PBXCopyFilesBuildPhase;
			buildActionMask = 2147483647;
			dstPath = "";
			dstSubfolderSpec = 13;
			files = (
				05B0A3F11CC27DF800C4AE41 /* Howl-Watch Extension.appex in Embed App Extensions */,
			);
			name = "Embed App Extensions";
			runOnlyForDeploymentPostprocessing = 0;
		};
		05B39EFF1BDD5232006E7602 /* Embed Watch Content */ = {
			isa = PBXCopyFilesBuildPhase;
			buildActionMask = 2147483647;
			dstPath = "$(CONTENTS_FOLDER_PATH)/Watch";
			dstSubfolderSpec = 16;
			files = (
				05B0A4021CC27DF800C4AE41 /* Howl-Watch.app in Embed Watch Content */,
			);
			name = "Embed Watch Content";
			runOnlyForDeploymentPostprocessing = 0;
		};
		05BF98471AFF09EA00856E49 /* Embed App Extensions */ = {
			isa = PBXCopyFilesBuildPhase;
			buildActionMask = 2147483647;
			dstPath = "";
			dstSubfolderSpec = 13;
			files = (
			);
			name = "Embed App Extensions";
			runOnlyForDeploymentPostprocessing = 0;
		};
/* End PBXCopyFilesBuildPhase section */

/* Begin PBXFileReference section */
		055C8B7F1AEAD9C6000813B3 /* ContList.h */ = {isa = PBXFileReference; fileEncoding = 4; lastKnownFileType = sourcecode.c.h; path = ContList.h; sourceTree = "<group>"; };
		055C8B801AEAD9C6000813B3 /* Contlist.m */ = {isa = PBXFileReference; fileEncoding = 4; lastKnownFileType = sourcecode.c.objc; path = Contlist.m; sourceTree = "<group>"; };
		056C96401BFF90F9005E9E21 /* libsqlite3.tbd */ = {isa = PBXFileReference; lastKnownFileType = "sourcecode.text-based-dylib-definition"; name = libsqlite3.tbd; path = usr/lib/libsqlite3.tbd; sourceTree = SDKROOT; };
		0577D5271C560570001261FD /* Howl.sql */ = {isa = PBXFileReference; fileEncoding = 4; lastKnownFileType = text; path = Howl.sql; sourceTree = SOURCE_ROOT; };
		05A466F91C7970A9009736D1 /* Howl-Bridging-Header.h */ = {isa = PBXFileReference; lastKnownFileType = sourcecode.c.h; path = "Howl-Bridging-Header.h"; sourceTree = "<group>"; };
		05B0A3E41CC27DF700C4AE41 /* Howl-Watch.app */ = {isa = PBXFileReference; explicitFileType = wrapper.application; includeInIndex = 0; path = "Howl-Watch.app"; sourceTree = BUILT_PRODUCTS_DIR; };
		05B0A3E71CC27DF700C4AE41 /* Base */ = {isa = PBXFileReference; lastKnownFileType = file.storyboard; name = Base; path = Base.lproj/Interface.storyboard; sourceTree = "<group>"; };
		05B0A3E91CC27DF700C4AE41 /* Assets.xcassets */ = {isa = PBXFileReference; lastKnownFileType = folder.assetcatalog; path = Assets.xcassets; sourceTree = "<group>"; };
		05B0A3EB1CC27DF700C4AE41 /* Info.plist */ = {isa = PBXFileReference; lastKnownFileType = text.plist.xml; path = Info.plist; sourceTree = "<group>"; };
		05B0A3F01CC27DF700C4AE41 /* Howl-Watch Extension.appex */ = {isa = PBXFileReference; explicitFileType = "wrapper.app-extension"; includeInIndex = 0; path = "Howl-Watch Extension.appex"; sourceTree = BUILT_PRODUCTS_DIR; };
		05B0A3F61CC27DF800C4AE41 /* PushNotificationPayload.apns */ = {isa = PBXFileReference; lastKnownFileType = text; path = PushNotificationPayload.apns; sourceTree = "<group>"; };
		05B0A3F71CC27DF800C4AE41 /* InterfaceController.swift */ = {isa = PBXFileReference; lastKnownFileType = sourcecode.swift; path = InterfaceController.swift; sourceTree = "<group>"; };
		05B0A3F91CC27DF800C4AE41 /* ExtensionDelegate.swift */ = {isa = PBXFileReference; lastKnownFileType = sourcecode.swift; path = ExtensionDelegate.swift; sourceTree = "<group>"; };
		05B0A3FB1CC27DF800C4AE41 /* NotificationController.swift */ = {isa = PBXFileReference; lastKnownFileType = sourcecode.swift; path = NotificationController.swift; sourceTree = "<group>"; };
		05B0A3FD1CC27DF800C4AE41 /* Assets.xcassets */ = {isa = PBXFileReference; lastKnownFileType = folder.assetcatalog; path = Assets.xcassets; sourceTree = "<group>"; };
		05B0A3FF1CC27DF800C4AE41 /* Info.plist */ = {isa = PBXFileReference; lastKnownFileType = text.plist.xml; path = Info.plist; sourceTree = "<group>"; };
		05B5828C1CC69BA400A13386 /* operationLogic.swift */ = {isa = PBXFileReference; fileEncoding = 4; lastKnownFileType = sourcecode.swift; path = operationLogic.swift; sourceTree = "<group>"; };
		05B5828E1CC6A07500A13386 /* contactGrab.swift */ = {isa = PBXFileReference; fileEncoding = 4; lastKnownFileType = sourcecode.swift; path = contactGrab.swift; sourceTree = "<group>"; };
		05C2254B1ACA44FC00ACDF1A /* Howl.app */ = {isa = PBXFileReference; explicitFileType = wrapper.application; includeInIndex = 0; path = Howl.app; sourceTree = BUILT_PRODUCTS_DIR; };
		05C2254F1ACA44FC00ACDF1A /* Info.plist */ = {isa = PBXFileReference; lastKnownFileType = text.plist.xml; path = Info.plist; sourceTree = "<group>"; };
		05C225501ACA44FC00ACDF1A /* main.m */ = {isa = PBXFileReference; lastKnownFileType = sourcecode.c.objc; path = main.m; sourceTree = "<group>"; };
		05C225521ACA44FC00ACDF1A /* AppDelegate.h */ = {isa = PBXFileReference; lastKnownFileType = sourcecode.c.h; path = AppDelegate.h; sourceTree = "<group>"; };
		05C225531ACA44FC00ACDF1A /* AppDelegate.m */ = {isa = PBXFileReference; lastKnownFileType = sourcecode.c.objc; path = AppDelegate.m; sourceTree = "<group>"; };
		05C2255E1ACA44FC00ACDF1A /* Images.xcassets */ = {isa = PBXFileReference; lastKnownFileType = folder.assetcatalog; path = Images.xcassets; sourceTree = "<group>"; };
		05C225611ACA44FC00ACDF1A /* Base */ = {isa = PBXFileReference; lastKnownFileType = file.xib; name = Base; path = Base.lproj/LaunchScreen.xib; sourceTree = "<group>"; };
		05C2256C1ACA44FC00ACDF1A /* Info.plist */ = {isa = PBXFileReference; lastKnownFileType = text.plist.xml; path = Info.plist; sourceTree = "<group>"; };
		05C2256D1ACA44FC00ACDF1A /* HowlTests.m */ = {isa = PBXFileReference; lastKnownFileType = sourcecode.c.objc; path = HowlTests.m; sourceTree = "<group>"; };
		05C2257C1ACA48A600ACDF1A /* AddressBook.framework */ = {isa = PBXFileReference; lastKnownFileType = wrapper.framework; name = AddressBook.framework; path = System/Library/Frameworks/AddressBook.framework; sourceTree = SDKROOT; };
		05C2257E1ACA48A600ACDF1A /* AVFoundation.framework */ = {isa = PBXFileReference; lastKnownFileType = wrapper.framework; name = AVFoundation.framework; path = System/Library/Frameworks/AVFoundation.framework; sourceTree = SDKROOT; };
		05C2257F1ACA48A600ACDF1A /* AVKit.framework */ = {isa = PBXFileReference; lastKnownFileType = wrapper.framework; name = AVKit.framework; path = System/Library/Frameworks/AVKit.framework; sourceTree = SDKROOT; };
		05C225801ACA48A600ACDF1A /* CoreAudio.framework */ = {isa = PBXFileReference; lastKnownFileType = wrapper.framework; name = CoreAudio.framework; path = System/Library/Frameworks/CoreAudio.framework; sourceTree = SDKROOT; };
		05C225811ACA48A600ACDF1A /* CoreAudioKit.framework */ = {isa = PBXFileReference; lastKnownFileType = wrapper.framework; name = CoreAudioKit.framework; path = System/Library/Frameworks/CoreAudioKit.framework; sourceTree = SDKROOT; };
		05C225821ACA48A600ACDF1A /* CoreBluetooth.framework */ = {isa = PBXFileReference; lastKnownFileType = wrapper.framework; name = CoreBluetooth.framework; path = System/Library/Frameworks/CoreBluetooth.framework; sourceTree = SDKROOT; };
		05C225831ACA48A600ACDF1A /* CoreData.framework */ = {isa = PBXFileReference; lastKnownFileType = wrapper.framework; name = CoreData.framework; path = System/Library/Frameworks/CoreData.framework; sourceTree = SDKROOT; };
		05C225841ACA48A600ACDF1A /* CoreFoundation.framework */ = {isa = PBXFileReference; lastKnownFileType = wrapper.framework; name = CoreFoundation.framework; path = System/Library/Frameworks/CoreFoundation.framework; sourceTree = SDKROOT; };
		05C225851ACA48A600ACDF1A /* CoreLocation.framework */ = {isa = PBXFileReference; lastKnownFileType = wrapper.framework; name = CoreLocation.framework; path = System/Library/Frameworks/CoreLocation.framework; sourceTree = SDKROOT; };
		05C225861ACA48A600ACDF1A /* CoreMedia.framework */ = {isa = PBXFileReference; lastKnownFileType = wrapper.framework; name = CoreMedia.framework; path = System/Library/Frameworks/CoreMedia.framework; sourceTree = SDKROOT; };
		05C225871ACA48A600ACDF1A /* CoreTelephony.framework */ = {isa = PBXFileReference; lastKnownFileType = wrapper.framework; name = CoreTelephony.framework; path = System/Library/Frameworks/CoreTelephony.framework; sourceTree = SDKROOT; };
		05C225881ACA48A600ACDF1A /* CoreText.framework */ = {isa = PBXFileReference; lastKnownFileType = wrapper.framework; name = CoreText.framework; path = System/Library/Frameworks/CoreText.framework; sourceTree = SDKROOT; };
		05C225891ACA48A600ACDF1A /* EventKit.framework */ = {isa = PBXFileReference; lastKnownFileType = wrapper.framework; name = EventKit.framework; path = System/Library/Frameworks/EventKit.framework; sourceTree = SDKROOT; };
		05C2258A1ACA48A600ACDF1A /* EventKitUI.framework */ = {isa = PBXFileReference; lastKnownFileType = wrapper.framework; name = EventKitUI.framework; path = System/Library/Frameworks/EventKitUI.framework; sourceTree = SDKROOT; };
		05C2258B1ACA48A600ACDF1A /* ExternalAccessory.framework */ = {isa = PBXFileReference; lastKnownFileType = wrapper.framework; name = ExternalAccessory.framework; path = System/Library/Frameworks/ExternalAccessory.framework; sourceTree = SDKROOT; };
		05C2258C1ACA48A600ACDF1A /* Foundation.framework */ = {isa = PBXFileReference; lastKnownFileType = wrapper.framework; name = Foundation.framework; path = System/Library/Frameworks/Foundation.framework; sourceTree = SDKROOT; };
		05C2258D1ACA48A600ACDF1A /* ImageIO.framework */ = {isa = PBXFileReference; lastKnownFileType = wrapper.framework; name = ImageIO.framework; path = System/Library/Frameworks/ImageIO.framework; sourceTree = SDKROOT; };
		05C2258F1ACA48A600ACDF1A /* LocalAuthentication.framework */ = {isa = PBXFileReference; lastKnownFileType = wrapper.framework; name = LocalAuthentication.framework; path = System/Library/Frameworks/LocalAuthentication.framework; sourceTree = SDKROOT; };
		05C225901ACA48A600ACDF1A /* MapKit.framework */ = {isa = PBXFileReference; lastKnownFileType = wrapper.framework; name = MapKit.framework; path = System/Library/Frameworks/MapKit.framework; sourceTree = SDKROOT; };
		05C225911ACA48A600ACDF1A /* MediaAccessibility.framework */ = {isa = PBXFileReference; lastKnownFileType = wrapper.framework; name = MediaAccessibility.framework; path = System/Library/Frameworks/MediaAccessibility.framework; sourceTree = SDKROOT; };
		05C225921ACA48A600ACDF1A /* MessageUI.framework */ = {isa = PBXFileReference; lastKnownFileType = wrapper.framework; name = MessageUI.framework; path = System/Library/Frameworks/MessageUI.framework; sourceTree = SDKROOT; };
		05C225931ACA48A600ACDF1A /* MobileCoreServices.framework */ = {isa = PBXFileReference; lastKnownFileType = wrapper.framework; name = MobileCoreServices.framework; path = System/Library/Frameworks/MobileCoreServices.framework; sourceTree = SDKROOT; };
		05C225941ACA48A600ACDF1A /* MultipeerConnectivity.framework */ = {isa = PBXFileReference; lastKnownFileType = wrapper.framework; name = MultipeerConnectivity.framework; path = System/Library/Frameworks/MultipeerConnectivity.framework; sourceTree = SDKROOT; };
		05C225951ACA48A600ACDF1A /* NetworkExtension.framework */ = {isa = PBXFileReference; lastKnownFileType = wrapper.framework; name = NetworkExtension.framework; path = System/Library/Frameworks/NetworkExtension.framework; sourceTree = SDKROOT; };
		05C225961ACA48A600ACDF1A /* NotificationCenter.framework */ = {isa = PBXFileReference; lastKnownFileType = wrapper.framework; name = NotificationCenter.framework; path = System/Library/Frameworks/NotificationCenter.framework; sourceTree = SDKROOT; };
		05C225971ACA48A600ACDF1A /* Photos.framework */ = {isa = PBXFileReference; lastKnownFileType = wrapper.framework; name = Photos.framework; path = System/Library/Frameworks/Photos.framework; sourceTree = SDKROOT; };
		05C225981ACA48A600ACDF1A /* PhotosUI.framework */ = {isa = PBXFileReference; lastKnownFileType = wrapper.framework; name = PhotosUI.framework; path = System/Library/Frameworks/PhotosUI.framework; sourceTree = SDKROOT; };
		05C2259B1ACA48A600ACDF1A /* SystemConfiguration.framework */ = {isa = PBXFileReference; lastKnownFileType = wrapper.framework; name = SystemConfiguration.framework; path = System/Library/Frameworks/SystemConfiguration.framework; sourceTree = SDKROOT; };
		05C2259C1ACA48A600ACDF1A /* UIKit.framework */ = {isa = PBXFileReference; lastKnownFileType = wrapper.framework; name = UIKit.framework; path = System/Library/Frameworks/UIKit.framework; sourceTree = SDKROOT; };
		05C2259D1ACA48A600ACDF1A /* WatchKit.framework */ = {isa = PBXFileReference; lastKnownFileType = wrapper.framework; name = WatchKit.framework; path = System/Library/Frameworks/WatchKit.framework; sourceTree = SDKROOT; };
		05E361871CA8895A009D3DC6 /* Howl.entitlements */ = {isa = PBXFileReference; lastKnownFileType = text.xml; path = Howl.entitlements; sourceTree = "<group>"; };
		CC2245C21AD8DCE600C85392 /* 1HOWL_Title page.png */ = {isa = PBXFileReference; lastKnownFileType = image.png; path = "1HOWL_Title page.png"; sourceTree = "<group>"; };
		CC2245C61AD8E8C100C85392 /* 2HOWL_Photo page.png */ = {isa = PBXFileReference; lastKnownFileType = image.png; path = "2HOWL_Photo page.png"; sourceTree = "<group>"; };
		CC2245C81AD8ECAA00C85392 /* Main.storyboard */ = {isa = PBXFileReference; fileEncoding = 4; lastKnownFileType = file.storyboard; path = Main.storyboard; sourceTree = "<group>"; };
		CC35E7001AD343B200A1E115 /* MapViewController.swift */ = {isa = PBXFileReference; fileEncoding = 4; lastKnownFileType = sourcecode.swift; path = MapViewController.swift; sourceTree = "<group>"; };
		CC5816EE1AD9337F00B74281 /* HowlViewController.swift */ = {isa = PBXFileReference; fileEncoding = 4; lastKnownFileType = sourcecode.swift; path = HowlViewController.swift; sourceTree = "<group>"; };
		CC5816F01AD958F800B74281 /* place.swift */ = {isa = PBXFileReference; fileEncoding = 4; lastKnownFileType = sourcecode.swift; path = place.swift; sourceTree = "<group>"; };
		CC5816F21AD961FA00B74281 /* InitialViewController.swift */ = {isa = PBXFileReference; fileEncoding = 4; lastKnownFileType = sourcecode.swift; path = InitialViewController.swift; sourceTree = "<group>"; };
/* End PBXFileReference section */

/* Begin PBXFrameworksBuildPhase section */
		05B0A3ED1CC27DF700C4AE41 /* Frameworks */ = {
			isa = PBXFrameworksBuildPhase;
			buildActionMask = 2147483647;
			files = (
			);
			runOnlyForDeploymentPostprocessing = 0;
		};
		05C225481ACA44FC00ACDF1A /* Frameworks */ = {
			isa = PBXFrameworksBuildPhase;
			buildActionMask = 2147483647;
			files = (
				056C96411BFF90F9005E9E21 /* libsqlite3.tbd in Frameworks */,
				05C2259F1ACA48A600ACDF1A /* AddressBook.framework in Frameworks */,
				05C225A11ACA48A600ACDF1A /* AVFoundation.framework in Frameworks */,
				05C225A21ACA48A600ACDF1A /* AVKit.framework in Frameworks */,
				05C225A31ACA48A600ACDF1A /* CoreAudio.framework in Frameworks */,
				05C225A41ACA48A600ACDF1A /* CoreAudioKit.framework in Frameworks */,
				05C225A51ACA48A600ACDF1A /* CoreBluetooth.framework in Frameworks */,
				05C225A61ACA48A600ACDF1A /* CoreData.framework in Frameworks */,
				05C225A71ACA48A600ACDF1A /* CoreFoundation.framework in Frameworks */,
				05C225A81ACA48A600ACDF1A /* CoreLocation.framework in Frameworks */,
				05C225A91ACA48A600ACDF1A /* CoreMedia.framework in Frameworks */,
				05C225AA1ACA48A600ACDF1A /* CoreTelephony.framework in Frameworks */,
				05C225AB1ACA48A600ACDF1A /* CoreText.framework in Frameworks */,
				05C225AC1ACA48A600ACDF1A /* EventKit.framework in Frameworks */,
				05C225AD1ACA48A600ACDF1A /* EventKitUI.framework in Frameworks */,
				05C225AE1ACA48A600ACDF1A /* ExternalAccessory.framework in Frameworks */,
				05C225AF1ACA48A600ACDF1A /* Foundation.framework in Frameworks */,
				05C225B01ACA48A600ACDF1A /* ImageIO.framework in Frameworks */,
				05C225B21ACA48A600ACDF1A /* LocalAuthentication.framework in Frameworks */,
				05C225B31ACA48A600ACDF1A /* MapKit.framework in Frameworks */,
				05C225B41ACA48A600ACDF1A /* MediaAccessibility.framework in Frameworks */,
				05C225B51ACA48A600ACDF1A /* MessageUI.framework in Frameworks */,
				05C225B61ACA48A600ACDF1A /* MobileCoreServices.framework in Frameworks */,
				05C225B71ACA48A600ACDF1A /* MultipeerConnectivity.framework in Frameworks */,
				05C225B81ACA48A600ACDF1A /* NetworkExtension.framework in Frameworks */,
				05C225B91ACA48A600ACDF1A /* NotificationCenter.framework in Frameworks */,
				05C225BA1ACA48A600ACDF1A /* Photos.framework in Frameworks */,
				05C225BB1ACA48A600ACDF1A /* PhotosUI.framework in Frameworks */,
				05C225BE1ACA48A600ACDF1A /* SystemConfiguration.framework in Frameworks */,
				05C225BF1ACA48A600ACDF1A /* UIKit.framework in Frameworks */,
				05C225C01ACA48A600ACDF1A /* WatchKit.framework in Frameworks */,
			);
			runOnlyForDeploymentPostprocessing = 0;
		};
/* End PBXFrameworksBuildPhase section */

/* Begin PBXGroup section */
		05B0A3E51CC27DF700C4AE41 /* Howl-Watch */ = {
			isa = PBXGroup;
			children = (
				05B0A3E61CC27DF700C4AE41 /* Interface.storyboard */,
				05B0A3E91CC27DF700C4AE41 /* Assets.xcassets */,
				05B0A3EB1CC27DF700C4AE41 /* Info.plist */,
			);
			path = "Howl-Watch";
			sourceTree = "<group>";
		};
		05B0A3F41CC27DF800C4AE41 /* Howl-Watch Extension */ = {
			isa = PBXGroup;
			children = (
				05B0A3F71CC27DF800C4AE41 /* InterfaceController.swift */,
				05B0A3F91CC27DF800C4AE41 /* ExtensionDelegate.swift */,
				05B0A3FB1CC27DF800C4AE41 /* NotificationController.swift */,
				05B0A3FD1CC27DF800C4AE41 /* Assets.xcassets */,
				05B0A3FF1CC27DF800C4AE41 /* Info.plist */,
				05B0A3F51CC27DF800C4AE41 /* Supporting Files */,
			);
			path = "Howl-Watch Extension";
			sourceTree = "<group>";
		};
		05B0A3F51CC27DF800C4AE41 /* Supporting Files */ = {
			isa = PBXGroup;
			children = (
				05B0A3F61CC27DF800C4AE41 /* PushNotificationPayload.apns */,
			);
			name = "Supporting Files";
			sourceTree = "<group>";
		};
		05C225421ACA44FC00ACDF1A = {
			isa = PBXGroup;
			children = (
				056C96401BFF90F9005E9E21 /* libsqlite3.tbd */,
				05C2257C1ACA48A600ACDF1A /* AddressBook.framework */,
				05C2257E1ACA48A600ACDF1A /* AVFoundation.framework */,
				05C2257F1ACA48A600ACDF1A /* AVKit.framework */,
				05C225801ACA48A600ACDF1A /* CoreAudio.framework */,
				05C225811ACA48A600ACDF1A /* CoreAudioKit.framework */,
				05C225821ACA48A600ACDF1A /* CoreBluetooth.framework */,
				05C225831ACA48A600ACDF1A /* CoreData.framework */,
				05C225841ACA48A600ACDF1A /* CoreFoundation.framework */,
				05C225851ACA48A600ACDF1A /* CoreLocation.framework */,
				05C225861ACA48A600ACDF1A /* CoreMedia.framework */,
				05C225871ACA48A600ACDF1A /* CoreTelephony.framework */,
				05C225881ACA48A600ACDF1A /* CoreText.framework */,
				05C225891ACA48A600ACDF1A /* EventKit.framework */,
				05C2258A1ACA48A600ACDF1A /* EventKitUI.framework */,
				05C2258B1ACA48A600ACDF1A /* ExternalAccessory.framework */,
				05C2258C1ACA48A600ACDF1A /* Foundation.framework */,
				05C2258D1ACA48A600ACDF1A /* ImageIO.framework */,
				05C2258F1ACA48A600ACDF1A /* LocalAuthentication.framework */,
				05C225901ACA48A600ACDF1A /* MapKit.framework */,
				05C225911ACA48A600ACDF1A /* MediaAccessibility.framework */,
				05C225921ACA48A600ACDF1A /* MessageUI.framework */,
				05C225931ACA48A600ACDF1A /* MobileCoreServices.framework */,
				05C225941ACA48A600ACDF1A /* MultipeerConnectivity.framework */,
				05C225951ACA48A600ACDF1A /* NetworkExtension.framework */,
				05C225961ACA48A600ACDF1A /* NotificationCenter.framework */,
				05C225971ACA48A600ACDF1A /* Photos.framework */,
				05C225981ACA48A600ACDF1A /* PhotosUI.framework */,
				05C2259B1ACA48A600ACDF1A /* SystemConfiguration.framework */,
				05C2259C1ACA48A600ACDF1A /* UIKit.framework */,
				05C2259D1ACA48A600ACDF1A /* WatchKit.framework */,
				05C2254D1ACA44FC00ACDF1A /* Howl */,
				05C2256A1ACA44FC00ACDF1A /* HowlTests */,
				05B0A3E51CC27DF700C4AE41 /* Howl-Watch */,
				05B0A3F41CC27DF800C4AE41 /* Howl-Watch Extension */,
				05C2254C1ACA44FC00ACDF1A /* Products */,
			);
			sourceTree = "<group>";
		};
		05C2254C1ACA44FC00ACDF1A /* Products */ = {
			isa = PBXGroup;
			children = (
				05C2254B1ACA44FC00ACDF1A /* Howl.app */,
				05B0A3E41CC27DF700C4AE41 /* Howl-Watch.app */,
				05B0A3F01CC27DF700C4AE41 /* Howl-Watch Extension.appex */,
			);
			name = Products;
			sourceTree = "<group>";
		};
		05C2254D1ACA44FC00ACDF1A /* Howl */ = {
			isa = PBXGroup;
			children = (
				05E361871CA8895A009D3DC6 /* Howl.entitlements */,
				0577D5271C560570001261FD /* Howl.sql */,
				055C8B7F1AEAD9C6000813B3 /* ContList.h */,
				055C8B801AEAD9C6000813B3 /* Contlist.m */,
				CC5816EE1AD9337F00B74281 /* HowlViewController.swift */,
				05B5828C1CC69BA400A13386 /* operationLogic.swift */,
				05B5828E1CC6A07500A13386 /* contactGrab.swift */,
				CC5816F01AD958F800B74281 /* place.swift */,
				05A466F91C7970A9009736D1 /* Howl-Bridging-Header.h */,
				CC2245C81AD8ECAA00C85392 /* Main.storyboard */,
				05C225521ACA44FC00ACDF1A /* AppDelegate.h */,
				CC5816F21AD961FA00B74281 /* InitialViewController.swift */,
				05C225531ACA44FC00ACDF1A /* AppDelegate.m */,
				CC35E7001AD343B200A1E115 /* MapViewController.swift */,
				05C2255E1ACA44FC00ACDF1A /* Images.xcassets */,
				05C225601ACA44FC00ACDF1A /* LaunchScreen.xib */,
				05C2254E1ACA44FC00ACDF1A /* Supporting Files */,
			);
			path = Howl;
			sourceTree = "<group>";
		};
		05C2254E1ACA44FC00ACDF1A /* Supporting Files */ = {
			isa = PBXGroup;
			children = (
				05C2254F1ACA44FC00ACDF1A /* Info.plist */,
				CC2245C61AD8E8C100C85392 /* 2HOWL_Photo page.png */,
				CC2245C21AD8DCE600C85392 /* 1HOWL_Title page.png */,
				05C225501ACA44FC00ACDF1A /* main.m */,
			);
			name = "Supporting Files";
			sourceTree = "<group>";
		};
		05C2256A1ACA44FC00ACDF1A /* HowlTests */ = {
			isa = PBXGroup;
			children = (
				05C2256D1ACA44FC00ACDF1A /* HowlTests.m */,
				05C2256B1ACA44FC00ACDF1A /* Supporting Files */,
			);
			path = HowlTests;
			sourceTree = "<group>";
		};
		05C2256B1ACA44FC00ACDF1A /* Supporting Files */ = {
			isa = PBXGroup;
			children = (
				05C2256C1ACA44FC00ACDF1A /* Info.plist */,
			);
			name = "Supporting Files";
			sourceTree = "<group>";
		};
/* End PBXGroup section */

/* Begin PBXNativeTarget section */
		05B0A3E31CC27DF700C4AE41 /* Howl-Watch */ = {
			isa = PBXNativeTarget;
			buildConfigurationList = 05B0A4071CC27DF800C4AE41 /* Build configuration list for PBXNativeTarget "Howl-Watch" */;
			buildPhases = (
				05B0A3E21CC27DF700C4AE41 /* Resources */,
				05B0A4061CC27DF800C4AE41 /* Embed App Extensions */,
			);
			buildRules = (
			);
			dependencies = (
				05B0A3F31CC27DF800C4AE41 /* PBXTargetDependency */,
			);
			name = "Howl-Watch";
			productName = "Howl-Watch";
			productReference = 05B0A3E41CC27DF700C4AE41 /* Howl-Watch.app */;
			productType = "com.apple.product-type.application.watchapp2";
		};
		05B0A3EF1CC27DF700C4AE41 /* Howl-Watch Extension */ = {
			isa = PBXNativeTarget;
			buildConfigurationList = 05B0A4031CC27DF800C4AE41 /* Build configuration list for PBXNativeTarget "Howl-Watch Extension" */;
			buildPhases = (
				05B0A3EC1CC27DF700C4AE41 /* Sources */,
				05B0A3ED1CC27DF700C4AE41 /* Frameworks */,
				05B0A3EE1CC27DF700C4AE41 /* Resources */,
			);
			buildRules = (
			);
			dependencies = (
			);
			name = "Howl-Watch Extension";
			productName = "Howl-Watch Extension";
			productReference = 05B0A3F01CC27DF700C4AE41 /* Howl-Watch Extension.appex */;
			productType = "com.apple.product-type.watchkit2-extension";
		};
		05C2254A1ACA44FC00ACDF1A /* Howl */ = {
			isa = PBXNativeTarget;
			buildConfigurationList = 05C225711ACA44FC00ACDF1A /* Build configuration list for PBXNativeTarget "Howl" */;
			buildPhases = (
				05C225471ACA44FC00ACDF1A /* Sources */,
				05C225481ACA44FC00ACDF1A /* Frameworks */,
				05C225491ACA44FC00ACDF1A /* Resources */,
				05BF98471AFF09EA00856E49 /* Embed App Extensions */,
				05B39EFF1BDD5232006E7602 /* Embed Watch Content */,
			);
			buildRules = (
			);
			dependencies = (
				05B0A4011CC27DF800C4AE41 /* PBXTargetDependency */,
			);
			name = Howl;
			productName = Howl;
			productReference = 05C2254B1ACA44FC00ACDF1A /* Howl.app */;
			productType = "com.apple.product-type.application";
		};
/* End PBXNativeTarget section */

/* Begin PBXProject section */
		05C225431ACA44FC00ACDF1A /* Project object */ = {
			isa = PBXProject;
			attributes = {
				LastSwiftUpdateCheck = 0730;
				LastUpgradeCheck = 0700;
				ORGANIZATIONNAME = "Ryan Paglinawan";
				TargetAttributes = {
					05B0A3E31CC27DF700C4AE41 = {
						CreatedOnToolsVersion = 7.3;
						DevelopmentTeam = J53H4T44Y4;
					};
					05B0A3EF1CC27DF700C4AE41 = {
						CreatedOnToolsVersion = 7.3;
						DevelopmentTeam = J53H4T44Y4;
					};
					05C2254A1ACA44FC00ACDF1A = {
						CreatedOnToolsVersion = 6.2;
						DevelopmentTeam = J53H4T44Y4;
						SystemCapabilities = {
							com.apple.ApplicationGroups.iOS = {
								enabled = 1;
							};
						};
					};
				};
			};
			buildConfigurationList = 05C225461ACA44FC00ACDF1A /* Build configuration list for PBXProject "Howl" */;
			compatibilityVersion = "Xcode 3.2";
			developmentRegion = English;
			hasScannedForEncodings = 0;
			knownRegions = (
				en,
				Base,
			);
			mainGroup = 05C225421ACA44FC00ACDF1A;
			productRefGroup = 05C2254C1ACA44FC00ACDF1A /* Products */;
			projectDirPath = "";
			projectRoot = "";
			targets = (
				05C2254A1ACA44FC00ACDF1A /* Howl */,
				05B0A3E31CC27DF700C4AE41 /* Howl-Watch */,
				05B0A3EF1CC27DF700C4AE41 /* Howl-Watch Extension */,
			);
		};
/* End PBXProject section */

/* Begin PBXResourcesBuildPhase section */
		05B0A3E21CC27DF700C4AE41 /* Resources */ = {
			isa = PBXResourcesBuildPhase;
			buildActionMask = 2147483647;
			files = (
				05B0A3EA1CC27DF700C4AE41 /* Assets.xcassets in Resources */,
				05B0A3E81CC27DF700C4AE41 /* Interface.storyboard in Resources */,
			);
			runOnlyForDeploymentPostprocessing = 0;
		};
		05B0A3EE1CC27DF700C4AE41 /* Resources */ = {
			isa = PBXResourcesBuildPhase;
			buildActionMask = 2147483647;
			files = (
				05B0A3FE1CC27DF800C4AE41 /* Assets.xcassets in Resources */,
			);
			runOnlyForDeploymentPostprocessing = 0;
		};
		05C225491ACA44FC00ACDF1A /* Resources */ = {
			isa = PBXResourcesBuildPhase;
			buildActionMask = 2147483647;
			files = (
				CC2245C31AD8DCE600C85392 /* 1HOWL_Title page.png in Resources */,
				CC2245C71AD8E8C100C85392 /* 2HOWL_Photo page.png in Resources */,
				05C225621ACA44FC00ACDF1A /* LaunchScreen.xib in Resources */,
				05C2255F1ACA44FC00ACDF1A /* Images.xcassets in Resources */,
				0577D5281C560571001261FD /* Howl.sql in Resources */,
				CC2245C91AD8ECAA00C85392 /* Main.storyboard in Resources */,
			);
			runOnlyForDeploymentPostprocessing = 0;
		};
/* End PBXResourcesBuildPhase section */

/* Begin PBXSourcesBuildPhase section */
		05B0A3EC1CC27DF700C4AE41 /* Sources */ = {
			isa = PBXSourcesBuildPhase;
			buildActionMask = 2147483647;
			files = (
				05B0A3FC1CC27DF800C4AE41 /* NotificationController.swift in Sources */,
				052214E21CC6B41B00F4F324 /* Contlist.m in Sources */,
				05B0A3FA1CC27DF800C4AE41 /* ExtensionDelegate.swift in Sources */,
				05B0A3F81CC27DF800C4AE41 /* InterfaceController.swift in Sources */,
			);
			runOnlyForDeploymentPostprocessing = 0;
		};
		05C225471ACA44FC00ACDF1A /* Sources */ = {
			isa = PBXSourcesBuildPhase;
			buildActionMask = 2147483647;
			files = (
				05C225541ACA44FC00ACDF1A /* AppDelegate.m in Sources */,
				05B5828F1CC6A07500A13386 /* contactGrab.swift in Sources */,
				CC5816F31AD961FA00B74281 /* InitialViewController.swift in Sources */,
				CC35E7011AD343B200A1E115 /* MapViewController.swift in Sources */,
				CC5816F11AD958F800B74281 /* place.swift in Sources */,
				CC5816EF1AD9337F00B74281 /* HowlViewController.swift in Sources */,
				055C8B811AEAD9C6000813B3 /* Contlist.m in Sources */,
				05B5828D1CC69BA400A13386 /* operationLogic.swift in Sources */,
				05C225511ACA44FC00ACDF1A /* main.m in Sources */,
			);
			runOnlyForDeploymentPostprocessing = 0;
		};
/* End PBXSourcesBuildPhase section */

/* Begin PBXTargetDependency section */
		05B0A3F31CC27DF800C4AE41 /* PBXTargetDependency */ = {
			isa = PBXTargetDependency;
			target = 05B0A3EF1CC27DF700C4AE41 /* Howl-Watch Extension */;
			targetProxy = 05B0A3F21CC27DF800C4AE41 /* PBXContainerItemProxy */;
		};
		05B0A4011CC27DF800C4AE41 /* PBXTargetDependency */ = {
			isa = PBXTargetDependency;
			target = 05B0A3E31CC27DF700C4AE41 /* Howl-Watch */;
			targetProxy = 05B0A4001CC27DF800C4AE41 /* PBXContainerItemProxy */;
		};
/* End PBXTargetDependency section */

/* Begin PBXVariantGroup section */
		05B0A3E61CC27DF700C4AE41 /* Interface.storyboard */ = {
			isa = PBXVariantGroup;
			children = (
				05B0A3E71CC27DF700C4AE41 /* Base */,
			);
			name = Interface.storyboard;
			sourceTree = "<group>";
		};
		05C225601ACA44FC00ACDF1A /* LaunchScreen.xib */ = {
			isa = PBXVariantGroup;
			children = (
				05C225611ACA44FC00ACDF1A /* Base */,
			);
			name = LaunchScreen.xib;
			sourceTree = "<group>";
		};
/* End PBXVariantGroup section */

/* Begin XCBuildConfiguration section */
		05B0A4041CC27DF800C4AE41 /* Debug */ = {
			isa = XCBuildConfiguration;
			buildSettings = {
				ALWAYS_SEARCH_USER_PATHS = NO;
				CODE_SIGN_IDENTITY = "iPhone Developer";
				DEBUG_INFORMATION_FORMAT = dwarf;
				GCC_NO_COMMON_BLOCKS = YES;
				GCC_OPTIMIZATION_LEVEL = 0;
				INFOPLIST_FILE = "Howl-Watch Extension/Info.plist";
				LD_RUNPATH_SEARCH_PATHS = "$(inherited) @executable_path/Frameworks @executable_path/../../Frameworks";
				PRODUCT_BUNDLE_IDENTIFIER = RyanPaglinawan.Howl.watchkitapp.watchkitextension;
				PRODUCT_NAME = "${TARGET_NAME}";
				SDKROOT = watchos;
				SKIP_INSTALL = YES;
				SWIFT_OPTIMIZATION_LEVEL = "-Onone";
				TARGETED_DEVICE_FAMILY = 4;
				WATCHOS_DEPLOYMENT_TARGET = 2.2;
			};
			name = Debug;
		};
		05B0A4051CC27DF800C4AE41 /* Release */ = {
			isa = XCBuildConfiguration;
			buildSettings = {
				ALWAYS_SEARCH_USER_PATHS = NO;
				CODE_SIGN_IDENTITY = "iPhone Developer";
				DEBUG_INFORMATION_FORMAT = "dwarf-with-dsym";
				GCC_NO_COMMON_BLOCKS = YES;
				INFOPLIST_FILE = "Howl-Watch Extension/Info.plist";
				LD_RUNPATH_SEARCH_PATHS = "$(inherited) @executable_path/Frameworks @executable_path/../../Frameworks";
				PRODUCT_BUNDLE_IDENTIFIER = RyanPaglinawan.Howl.watchkitapp.watchkitextension;
				PRODUCT_NAME = "${TARGET_NAME}";
				SDKROOT = watchos;
				SKIP_INSTALL = YES;
				TARGETED_DEVICE_FAMILY = 4;
				WATCHOS_DEPLOYMENT_TARGET = 2.2;
			};
			name = Release;
		};
		05B0A4081CC27DF800C4AE41 /* Debug */ = {
			isa = XCBuildConfiguration;
			buildSettings = {
				ALWAYS_SEARCH_USER_PATHS = NO;
				ASSETCATALOG_COMPILER_APPICON_NAME = AppIcon;
				CODE_SIGN_IDENTITY = "iPhone Developer";
				"CODE_SIGN_IDENTITY[sdk=iphoneos*]" = "iPhone Developer";
				DEBUG_INFORMATION_FORMAT = dwarf;
				EMBEDDED_CONTENT_CONTAINS_SWIFT = YES;
				GCC_NO_COMMON_BLOCKS = YES;
				GCC_OPTIMIZATION_LEVEL = 0;
				IBSC_MODULE = Howl_Watch_Extension;
				INFOPLIST_FILE = "Howl-Watch/Info.plist";
				PRODUCT_BUNDLE_IDENTIFIER = RyanPaglinawan.Howl.watchkitapp;
				PRODUCT_NAME = "$(TARGET_NAME)";
				SDKROOT = watchos;
				SKIP_INSTALL = YES;
				SWIFT_OPTIMIZATION_LEVEL = "-Onone";
				TARGETED_DEVICE_FAMILY = 4;
				WATCHOS_DEPLOYMENT_TARGET = 2.2;
			};
			name = Debug;
		};
		05B0A4091CC27DF800C4AE41 /* Release */ = {
			isa = XCBuildConfiguration;
			buildSettings = {
				ALWAYS_SEARCH_USER_PATHS = NO;
				ASSETCATALOG_COMPILER_APPICON_NAME = AppIcon;
				CODE_SIGN_IDENTITY = "iPhone Developer";
				"CODE_SIGN_IDENTITY[sdk=iphoneos*]" = "iPhone Developer";
				DEBUG_INFORMATION_FORMAT = "dwarf-with-dsym";
				EMBEDDED_CONTENT_CONTAINS_SWIFT = YES;
				GCC_NO_COMMON_BLOCKS = YES;
				IBSC_MODULE = Howl_Watch_Extension;
				INFOPLIST_FILE = "Howl-Watch/Info.plist";
				PRODUCT_BUNDLE_IDENTIFIER = RyanPaglinawan.Howl.watchkitapp;
				PRODUCT_NAME = "$(TARGET_NAME)";
				SDKROOT = watchos;
				SKIP_INSTALL = YES;
				TARGETED_DEVICE_FAMILY = 4;
				WATCHOS_DEPLOYMENT_TARGET = 2.2;
			};
			name = Release;
		};
		05C2256F1ACA44FC00ACDF1A /* Debug */ = {
			isa = XCBuildConfiguration;
			buildSettings = {
				ALWAYS_SEARCH_USER_PATHS = YES;
				CLANG_CXX_LANGUAGE_STANDARD = "gnu++0x";
				CLANG_CXX_LIBRARY = "libc++";
				CLANG_ENABLE_MODULES = YES;
				CLANG_ENABLE_OBJC_ARC = YES;
				CLANG_WARN_BOOL_CONVERSION = YES;
				CLANG_WARN_CONSTANT_CONVERSION = YES;
				CLANG_WARN_DIRECT_OBJC_ISA_USAGE = YES_ERROR;
				CLANG_WARN_EMPTY_BODY = YES;
				CLANG_WARN_ENUM_CONVERSION = YES;
				CLANG_WARN_INT_CONVERSION = YES;
				CLANG_WARN_OBJC_ROOT_CLASS = YES_ERROR;
				CLANG_WARN_UNREACHABLE_CODE = YES;
				CLANG_WARN__DUPLICATE_METHOD_MATCH = YES;
				CODE_SIGN_IDENTITY = "iPhone Developer";
				"CODE_SIGN_IDENTITY[sdk=iphoneos*]" = "iPhone Developer";
				COPY_PHASE_STRIP = NO;
				ENABLE_STRICT_OBJC_MSGSEND = YES;
				ENABLE_TESTABILITY = YES;
				GCC_C_LANGUAGE_STANDARD = gnu99;
				GCC_DYNAMIC_NO_PIC = NO;
				GCC_OPTIMIZATION_LEVEL = 3;
				GCC_PREPROCESSOR_DEFINITIONS = (
					"DEBUG=1",
					"$(inherited)",
				);
				GCC_SYMBOLS_PRIVATE_EXTERN = NO;
				GCC_WARN_64_TO_32_BIT_CONVERSION = YES;
				GCC_WARN_ABOUT_RETURN_TYPE = YES_ERROR;
				GCC_WARN_UNDECLARED_SELECTOR = YES;
				GCC_WARN_UNINITIALIZED_AUTOS = YES_AGGRESSIVE;
				GCC_WARN_UNUSED_FUNCTION = YES;
				GCC_WARN_UNUSED_VARIABLE = YES;
				IPHONEOS_DEPLOYMENT_TARGET = 9.2;
				MTL_ENABLE_DEBUG_INFO = YES;
				ONLY_ACTIVE_ARCH = YES;
				SDKROOT = iphoneos;
				TARGETED_DEVICE_FAMILY = "1,2";
			};
			name = Debug;
		};
		05C225701ACA44FC00ACDF1A /* Release */ = {
			isa = XCBuildConfiguration;
			buildSettings = {
				ALWAYS_SEARCH_USER_PATHS = YES;
				CLANG_CXX_LANGUAGE_STANDARD = "gnu++0x";
				CLANG_CXX_LIBRARY = "libc++";
				CLANG_ENABLE_MODULES = YES;
				CLANG_ENABLE_OBJC_ARC = YES;
				CLANG_WARN_BOOL_CONVERSION = YES;
				CLANG_WARN_CONSTANT_CONVERSION = YES;
				CLANG_WARN_DIRECT_OBJC_ISA_USAGE = YES_ERROR;
				CLANG_WARN_EMPTY_BODY = YES;
				CLANG_WARN_ENUM_CONVERSION = YES;
				CLANG_WARN_INT_CONVERSION = YES;
				CLANG_WARN_OBJC_ROOT_CLASS = YES_ERROR;
				CLANG_WARN_UNREACHABLE_CODE = YES;
				CLANG_WARN__DUPLICATE_METHOD_MATCH = YES;
				CODE_SIGN_IDENTITY = "iPhone Developer";
				"CODE_SIGN_IDENTITY[sdk=iphoneos*]" = "iPhone Developer";
				COPY_PHASE_STRIP = NO;
				ENABLE_NS_ASSERTIONS = NO;
				ENABLE_STRICT_OBJC_MSGSEND = YES;
				GCC_C_LANGUAGE_STANDARD = gnu99;
				GCC_OPTIMIZATION_LEVEL = 3;
				GCC_WARN_64_TO_32_BIT_CONVERSION = YES;
				GCC_WARN_ABOUT_RETURN_TYPE = YES_ERROR;
				GCC_WARN_UNDECLARED_SELECTOR = YES;
				GCC_WARN_UNINITIALIZED_AUTOS = YES_AGGRESSIVE;
				GCC_WARN_UNUSED_FUNCTION = YES;
				GCC_WARN_UNUSED_VARIABLE = YES;
				IPHONEOS_DEPLOYMENT_TARGET = 9.2;
				MTL_ENABLE_DEBUG_INFO = NO;
				SDKROOT = iphoneos;
				TARGETED_DEVICE_FAMILY = "1,2";
				VALIDATE_PRODUCT = YES;
			};
			name = Release;
		};
		05C225721ACA44FC00ACDF1A /* Debug */ = {
			isa = XCBuildConfiguration;
			buildSettings = {
				ASSETCATALOG_COMPILER_APPICON_NAME = AppIcon;
				CLANG_ENABLE_MODULES = YES;
				CODE_SIGN_ENTITLEMENTS = Howl/Howl.entitlements;
				CODE_SIGN_IDENTITY = "iPhone Developer";
				"CODE_SIGN_IDENTITY[sdk=iphoneos*]" = "iPhone Developer";
				INFOPLIST_FILE = Howl/Info.plist;
				IPHONEOS_DEPLOYMENT_TARGET = 9.2;
				LD_RUNPATH_SEARCH_PATHS = "$(inherited) @executable_path/Frameworks";
				OTHER_LDFLAGS = "";
				PRODUCT_BUNDLE_IDENTIFIER = "RyanPaglinawan.$(PRODUCT_NAME:rfc1034identifier)";
				PRODUCT_NAME = "$(TARGET_NAME)";
				PROVISIONING_PROFILE = "";
				SWIFT_DISABLE_SAFETY_CHECKS = NO;
				SWIFT_OBJC_BRIDGING_HEADER = "Howl/Howl-Bridging-Header.h";
				SWIFT_OPTIMIZATION_LEVEL = "-Onone";
				TARGETED_DEVICE_FAMILY = 1;
			};
			name = Debug;
		};
		05C225731ACA44FC00ACDF1A /* Release */ = {
			isa = XCBuildConfiguration;
			buildSettings = {
				ASSETCATALOG_COMPILER_APPICON_NAME = AppIcon;
				CLANG_ENABLE_MODULES = YES;
				CODE_SIGN_ENTITLEMENTS = Howl/Howl.entitlements;
				CODE_SIGN_IDENTITY = "iPhone Developer";
				"CODE_SIGN_IDENTITY[sdk=iphoneos*]" = "iPhone Developer";
				INFOPLIST_FILE = Howl/Info.plist;
				IPHONEOS_DEPLOYMENT_TARGET = 9.2;
				LD_RUNPATH_SEARCH_PATHS = "$(inherited) @executable_path/Frameworks";
				OTHER_LDFLAGS = "";
				PRODUCT_BUNDLE_IDENTIFIER = "RyanPaglinawan.$(PRODUCT_NAME:rfc1034identifier)";
				PRODUCT_NAME = "$(TARGET_NAME)";
				PROVISIONING_PROFILE = "";
				SWIFT_DISABLE_SAFETY_CHECKS = NO;
				SWIFT_OBJC_BRIDGING_HEADER = "Howl/Howl-Bridging-Header.h";
				TARGETED_DEVICE_FAMILY = 1;
			};
			name = Release;
		};
/* End XCBuildConfiguration section */

/* Begin XCConfigurationList section */
		05B0A4031CC27DF800C4AE41 /* Build configuration list for PBXNativeTarget "Howl-Watch Extension" */ = {
			isa = XCConfigurationList;
			buildConfigurations = (
				05B0A4041CC27DF800C4AE41 /* Debug */,
				05B0A4051CC27DF800C4AE41 /* Release */,
			);
			defaultConfigurationIsVisible = 0;
			defaultConfigurationName = Release;
		};
		05B0A4071CC27DF800C4AE41 /* Build configuration list for PBXNativeTarget "Howl-Watch" */ = {
			isa = XCConfigurationList;
			buildConfigurations = (
				05B0A4081CC27DF800C4AE41 /* Debug */,
				05B0A4091CC27DF800C4AE41 /* Release */,
			);
			defaultConfigurationIsVisible = 0;
			defaultConfigurationName = Release;
		};
		05C225461ACA44FC00ACDF1A /* Build configuration list for PBXProject "Howl" */ = {
			isa = XCConfigurationList;
			buildConfigurations = (
				05C2256F1ACA44FC00ACDF1A /* Debug */,
				05C225701ACA44FC00ACDF1A /* Release */,
			);
			defaultConfigurationIsVisible = 0;
			defaultConfigurationName = Release;
		};
		05C225711ACA44FC00ACDF1A /* Build configuration list for PBXNativeTarget "Howl" */ = {
			isa = XCConfigurationList;
			buildConfigurations = (
				05C225721ACA44FC00ACDF1A /* Debug */,
				05C225731ACA44FC00ACDF1A /* Release */,
			);
			defaultConfigurationIsVisible = 0;
			defaultConfigurationName = Release;
		};
/* End XCConfigurationList section */
	};
	rootObject = 05C225431ACA44FC00ACDF1A /* Project object */;
}
