// !$*UTF8*$!
{
	archiveVersion = 1;
	classes = {
	};
	objectVersion = 46;
	objects = {

/* Begin PBXBuildFile section */
		0554F1051ACAF780000A298C /* libsqlite3.0.dylib in Frameworks */ = {isa = PBXBuildFile; fileRef = 0554F1031ACAF780000A298C /* libsqlite3.0.dylib */; };
		0554F1061ACAF780000A298C /* libstdc++.6.0.9.dylib in Frameworks */ = {isa = PBXBuildFile; fileRef = 0554F1041ACAF780000A298C /* libstdc++.6.0.9.dylib */; };
		0554F1091ACAF7B0000A298C /* Database_logic.m in Sources */ = {isa = PBXBuildFile; fileRef = 0554F1081ACAF7B0000A298C /* Database_logic.m */; };
		0554F10B1ACAF8B7000A298C /* libsqlite3.dylib in Frameworks */ = {isa = PBXBuildFile; fileRef = 0554F10A1ACAF8B7000A298C /* libsqlite3.dylib */; };
		05C225511ACA44FC00ACDF1A /* main.m in Sources */ = {isa = PBXBuildFile; fileRef = 05C225501ACA44FC00ACDF1A /* main.m */; };
		05C225541ACA44FC00ACDF1A /* AppDelegate.m in Sources */ = {isa = PBXBuildFile; fileRef = 05C225531ACA44FC00ACDF1A /* AppDelegate.m */; };
		05C225571ACA44FC00ACDF1A /* Howl.xcdatamodeld in Sources */ = {isa = PBXBuildFile; fileRef = 05C225551ACA44FC00ACDF1A /* Howl.xcdatamodeld */; };
		05C2255A1ACA44FC00ACDF1A /* ViewController.m in Sources */ = {isa = PBXBuildFile; fileRef = 05C225591ACA44FC00ACDF1A /* ViewController.m */; };
		05C2255D1ACA44FC00ACDF1A /* Main.storyboard in Resources */ = {isa = PBXBuildFile; fileRef = 05C2255B1ACA44FC00ACDF1A /* Main.storyboard */; };
		05C2255F1ACA44FC00ACDF1A /* Images.xcassets in Resources */ = {isa = PBXBuildFile; fileRef = 05C2255E1ACA44FC00ACDF1A /* Images.xcassets */; };
		05C225621ACA44FC00ACDF1A /* LaunchScreen.xib in Resources */ = {isa = PBXBuildFile; fileRef = 05C225601ACA44FC00ACDF1A /* LaunchScreen.xib */; };
		05C2256E1ACA44FC00ACDF1A /* HowlTests.m in Sources */ = {isa = PBXBuildFile; fileRef = 05C2256D1ACA44FC00ACDF1A /* HowlTests.m */; };
		05C2257A1ACA46A300ACDF1A /* Function.m in Sources */ = {isa = PBXBuildFile; fileRef = 05C225791ACA46A300ACDF1A /* Function.m */; };
		05C2259F1ACA48A600ACDF1A /* AddressBook.framework in Frameworks */ = {isa = PBXBuildFile; fileRef = 05C2257C1ACA48A600ACDF1A /* AddressBook.framework */; };
		05C225A01ACA48A600ACDF1A /* AudioUnit.framework in Frameworks */ = {isa = PBXBuildFile; fileRef = 05C2257D1ACA48A600ACDF1A /* AudioUnit.framework */; };
		05C225A11ACA48A600ACDF1A /* AVFoundation.framework in Frameworks */ = {isa = PBXBuildFile; fileRef = 05C2257E1ACA48A600ACDF1A /* AVFoundation.framework */; };
		05C225A21ACA48A600ACDF1A /* AVKit.framework in Frameworks */ = {isa = PBXBuildFile; fileRef = 05C2257F1ACA48A600ACDF1A /* AVKit.framework */; };
		05C225A31ACA48A600ACDF1A /* CoreAudio.framework in Frameworks */ = {isa = PBXBuildFile; fileRef = 05C225801ACA48A600ACDF1A /* CoreAudio.framework */; };
		05C225A41ACA48A600ACDF1A /* CoreAudioKit.framework in Frameworks */ = {isa = PBXBuildFile; fileRef = 05C225811ACA48A600ACDF1A /* CoreAudioKit.framework */; };
		05C225A51ACA48A600ACDF1A /* CoreBluetooth.framework in Frameworks */ = {isa = PBXBuildFile; fileRef = 05C225821ACA48A600ACDF1A /* CoreBluetooth.framework */; };
		05C225A61ACA48A600ACDF1A /* CoreData.framework in Frameworks */ = {isa = PBXBuildFile; fileRef = 05C225831ACA48A600ACDF1A /* CoreData.framework */; };
		05C225A71ACA48A600ACDF1A /* CoreFoundation.framework in Frameworks */ = {isa = PBXBuildFile; fileRef = 05C225841ACA48A600ACDF1A /* CoreFoundation.framework */; };
		05C225A81ACA48A600ACDF1A /* CoreLocation.framework in Frameworks */ = {isa = PBXBuildFile; fileRef = 05C225851ACA48A600ACDF1A /* CoreLocation.framework */; };
		05C225A91ACA48A600ACDF1A /* CoreMedia.framework in Frameworks */ = {isa = PBXBuildFile; fileRef = 05C225861ACA48A600ACDF1A /* CoreMedia.framework */; };
		05C225AA1ACA48A600ACDF1A /* CoreTelephony.framework in Frameworks */ = {isa = PBXBuildFile; fileRef = 05C225871ACA48A600ACDF1A /* CoreTelephony.framework */; };
		05C225AB1ACA48A600ACDF1A /* CoreText.framework in Frameworks */ = {isa = PBXBuildFile; fileRef = 05C225881ACA48A600ACDF1A /* CoreText.framework */; };
		05C225AC1ACA48A600ACDF1A /* EventKit.framework in Frameworks */ = {isa = PBXBuildFile; fileRef = 05C225891ACA48A600ACDF1A /* EventKit.framework */; };
		05C225AD1ACA48A600ACDF1A /* EventKitUI.framework in Frameworks */ = {isa = PBXBuildFile; fileRef = 05C2258A1ACA48A600ACDF1A /* EventKitUI.framework */; };
		05C225AE1ACA48A600ACDF1A /* ExternalAccessory.framework in Frameworks */ = {isa = PBXBuildFile; fileRef = 05C2258B1ACA48A600ACDF1A /* ExternalAccessory.framework */; };
		05C225AF1ACA48A600ACDF1A /* Foundation.framework in Frameworks */ = {isa = PBXBuildFile; fileRef = 05C2258C1ACA48A600ACDF1A /* Foundation.framework */; };
		05C225B01ACA48A600ACDF1A /* ImageIO.framework in Frameworks */ = {isa = PBXBuildFile; fileRef = 05C2258D1ACA48A600ACDF1A /* ImageIO.framework */; };
		05C225B11ACA48A600ACDF1A /* JavaScriptCore.framework in Frameworks */ = {isa = PBXBuildFile; fileRef = 05C2258E1ACA48A600ACDF1A /* JavaScriptCore.framework */; };
		05C225B21ACA48A600ACDF1A /* LocalAuthentication.framework in Frameworks */ = {isa = PBXBuildFile; fileRef = 05C2258F1ACA48A600ACDF1A /* LocalAuthentication.framework */; };
		05C225B31ACA48A600ACDF1A /* MapKit.framework in Frameworks */ = {isa = PBXBuildFile; fileRef = 05C225901ACA48A600ACDF1A /* MapKit.framework */; };
		05C225B41ACA48A600ACDF1A /* MediaAccessibility.framework in Frameworks */ = {isa = PBXBuildFile; fileRef = 05C225911ACA48A600ACDF1A /* MediaAccessibility.framework */; };
		05C225B51ACA48A600ACDF1A /* MessageUI.framework in Frameworks */ = {isa = PBXBuildFile; fileRef = 05C225921ACA48A600ACDF1A /* MessageUI.framework */; };
		05C225B61ACA48A600ACDF1A /* MobileCoreServices.framework in Frameworks */ = {isa = PBXBuildFile; fileRef = 05C225931ACA48A600ACDF1A /* MobileCoreServices.framework */; };
		05C225B71ACA48A600ACDF1A /* MultipeerConnectivity.framework in Frameworks */ = {isa = PBXBuildFile; fileRef = 05C225941ACA48A600ACDF1A /* MultipeerConnectivity.framework */; };
		05C225B81ACA48A600ACDF1A /* NetworkExtension.framework in Frameworks */ = {isa = PBXBuildFile; fileRef = 05C225951ACA48A600ACDF1A /* NetworkExtension.framework */; };
		05C225B91ACA48A600ACDF1A /* NotificationCenter.framework in Frameworks */ = {isa = PBXBuildFile; fileRef = 05C225961ACA48A600ACDF1A /* NotificationCenter.framework */; };
		05C225BA1ACA48A600ACDF1A /* Photos.framework in Frameworks */ = {isa = PBXBuildFile; fileRef = 05C225971ACA48A600ACDF1A /* Photos.framework */; };
		05C225BB1ACA48A600ACDF1A /* PhotosUI.framework in Frameworks */ = {isa = PBXBuildFile; fileRef = 05C225981ACA48A600ACDF1A /* PhotosUI.framework */; };
		05C225BC1ACA48A600ACDF1A /* SafariServices.framework in Frameworks */ = {isa = PBXBuildFile; fileRef = 05C225991ACA48A600ACDF1A /* SafariServices.framework */; };
		05C225BD1ACA48A600ACDF1A /* Security.framework in Frameworks */ = {isa = PBXBuildFile; fileRef = 05C2259A1ACA48A600ACDF1A /* Security.framework */; };
		05C225BE1ACA48A600ACDF1A /* SystemConfiguration.framework in Frameworks */ = {isa = PBXBuildFile; fileRef = 05C2259B1ACA48A600ACDF1A /* SystemConfiguration.framework */; };
		05C225BF1ACA48A600ACDF1A /* UIKit.framework in Frameworks */ = {isa = PBXBuildFile; fileRef = 05C2259C1ACA48A600ACDF1A /* UIKit.framework */; };
		05C225C01ACA48A600ACDF1A /* WatchKit.framework in Frameworks */ = {isa = PBXBuildFile; fileRef = 05C2259D1ACA48A600ACDF1A /* WatchKit.framework */; };
		05C225C11ACA48A600ACDF1A /* WebKit.framework in Frameworks */ = {isa = PBXBuildFile; fileRef = 05C2259E1ACA48A600ACDF1A /* WebKit.framework */; };
/* End PBXBuildFile section */

/* Begin PBXContainerItemProxy section */
		05C225681ACA44FC00ACDF1A /* PBXContainerItemProxy */ = {
			isa = PBXContainerItemProxy;
			containerPortal = 05C225431ACA44FC00ACDF1A /* Project object */;
			proxyType = 1;
			remoteGlobalIDString = 05C2254A1ACA44FC00ACDF1A;
			remoteInfo = Howl;
		};
/* End PBXContainerItemProxy section */

/* Begin PBXFileReference section */
		0554F1031ACAF780000A298C /* libsqlite3.0.dylib */ = {isa = PBXFileReference; lastKnownFileType = "compiled.mach-o.dylib"; name = libsqlite3.0.dylib; path = usr/lib/libsqlite3.0.dylib; sourceTree = SDKROOT; };
		0554F1041ACAF780000A298C /* libstdc++.6.0.9.dylib */ = {isa = PBXFileReference; lastKnownFileType = "compiled.mach-o.dylib"; name = "libstdc++.6.0.9.dylib"; path = "usr/lib/libstdc++.6.0.9.dylib"; sourceTree = SDKROOT; };
		0554F1071ACAF7B0000A298C /* Database_logic.h */ = {isa = PBXFileReference; fileEncoding = 4; lastKnownFileType = sourcecode.c.h; path = Database_logic.h; sourceTree = "<group>"; };
		0554F1081ACAF7B0000A298C /* Database_logic.m */ = {isa = PBXFileReference; fileEncoding = 4; lastKnownFileType = sourcecode.c.objc; path = Database_logic.m; sourceTree = "<group>"; };
		0554F10A1ACAF8B7000A298C /* libsqlite3.dylib */ = {isa = PBXFileReference; lastKnownFileType = "compiled.mach-o.dylib"; name = libsqlite3.dylib; path = usr/lib/libsqlite3.dylib; sourceTree = SDKROOT; };
		05C2254B1ACA44FC00ACDF1A /* Howl.app */ = {isa = PBXFileReference; explicitFileType = wrapper.application; includeInIndex = 0; path = Howl.app; sourceTree = BUILT_PRODUCTS_DIR; };
		05C2254F1ACA44FC00ACDF1A /* Info.plist */ = {isa = PBXFileReference; lastKnownFileType = text.plist.xml; path = Info.plist; sourceTree = "<group>"; };
		05C225501ACA44FC00ACDF1A /* main.m */ = {isa = PBXFileReference; lastKnownFileType = sourcecode.c.objc; path = main.m; sourceTree = "<group>"; };
		05C225521ACA44FC00ACDF1A /* AppDelegate.h */ = {isa = PBXFileReference; lastKnownFileType = sourcecode.c.h; path = AppDelegate.h; sourceTree = "<group>"; };
		05C225531ACA44FC00ACDF1A /* AppDelegate.m */ = {isa = PBXFileReference; lastKnownFileType = sourcecode.c.objc; path = AppDelegate.m; sourceTree = "<group>"; };
		05C225561ACA44FC00ACDF1A /* Howl.xcdatamodel */ = {isa = PBXFileReference; lastKnownFileType = wrapper.xcdatamodel; path = Howl.xcdatamodel; sourceTree = "<group>"; };
		05C225581ACA44FC00ACDF1A /* ViewController.h */ = {isa = PBXFileReference; lastKnownFileType = sourcecode.c.h; path = ViewController.h; sourceTree = "<group>"; };
		05C225591ACA44FC00ACDF1A /* ViewController.m */ = {isa = PBXFileReference; lastKnownFileType = sourcecode.c.objc; path = ViewController.m; sourceTree = "<group>"; };
		05C2255C1ACA44FC00ACDF1A /* Base */ = {isa = PBXFileReference; lastKnownFileType = file.storyboard; name = Base; path = Base.lproj/Main.storyboard; sourceTree = "<group>"; };
		05C2255E1ACA44FC00ACDF1A /* Images.xcassets */ = {isa = PBXFileReference; lastKnownFileType = folder.assetcatalog; path = Images.xcassets; sourceTree = "<group>"; };
		05C225611ACA44FC00ACDF1A /* Base */ = {isa = PBXFileReference; lastKnownFileType = file.xib; name = Base; path = Base.lproj/LaunchScreen.xib; sourceTree = "<group>"; };
		05C225671ACA44FC00ACDF1A /* HowlTests.xctest */ = {isa = PBXFileReference; explicitFileType = wrapper.cfbundle; includeInIndex = 0; path = HowlTests.xctest; sourceTree = BUILT_PRODUCTS_DIR; };
		05C2256C1ACA44FC00ACDF1A /* Info.plist */ = {isa = PBXFileReference; lastKnownFileType = text.plist.xml; path = Info.plist; sourceTree = "<group>"; };
		05C2256D1ACA44FC00ACDF1A /* HowlTests.m */ = {isa = PBXFileReference; lastKnownFileType = sourcecode.c.objc; path = HowlTests.m; sourceTree = "<group>"; };
		05C225781ACA46A300ACDF1A /* Function.h */ = {isa = PBXFileReference; fileEncoding = 4; lastKnownFileType = sourcecode.c.h; path = Function.h; sourceTree = "<group>"; };
		05C225791ACA46A300ACDF1A /* Function.m */ = {isa = PBXFileReference; fileEncoding = 4; lastKnownFileType = sourcecode.c.objc; path = Function.m; sourceTree = "<group>"; };
		05C2257C1ACA48A600ACDF1A /* AddressBook.framework */ = {isa = PBXFileReference; lastKnownFileType = wrapper.framework; name = AddressBook.framework; path = System/Library/Frameworks/AddressBook.framework; sourceTree = SDKROOT; };
		05C2257D1ACA48A600ACDF1A /* AudioUnit.framework */ = {isa = PBXFileReference; lastKnownFileType = wrapper.framework; name = AudioUnit.framework; path = System/Library/Frameworks/AudioUnit.framework; sourceTree = SDKROOT; };
		05C2257E1ACA48A600ACDF1A /* AVFoundation.framework */ = {isa = PBXFileReference; lastKnownFileType = wrapper.framework; name = AVFoundation.framework; path = System/Library/Frameworks/AVFoundation.framework; sourceTree = SDKROOT; };
		05C2257F1ACA48A600ACDF1A /* AVKit.framework */ = {isa = PBXFileReference; lastKnownFileType = wrapper.framework; name = AVKit.framework; path = System/Library/Frameworks/AVKit.framework; sourceTree = SDKROOT; };
		05C225801ACA48A600ACDF1A /* CoreAudio.framework */ = {isa = PBXFileReference; lastKnownFileType = wrapper.framework; name = CoreAudio.framework; path = System/Library/Frameworks/CoreAudio.framework; sourceTree = SDKROOT; };
		05C225811ACA48A600ACDF1A /* CoreAudioKit.framework */ = {isa = PBXFileReference; lastKnownFileType = wrapper.framework; name = CoreAudioKit.framework; path = System/Library/Frameworks/CoreAudioKit.framework; sourceTree = SDKROOT; };
		05C225821ACA48A600ACDF1A /* CoreBluetooth.framework */ = {isa = PBXFileReference; lastKnownFileType = wrapper.framework; name = CoreBluetooth.framework; path = System/Library/Frameworks/CoreBluetooth.framework; sourceTree = SDKROOT; };
		05C225831ACA48A600ACDF1A /* CoreData.framework */ = {isa = PBXFileReference; lastKnownFileType = wrapper.framework; name = CoreData.framework; path = System/Library/Frameworks/CoreData.framework; sourceTree = SDKROOT; };
		05C225841ACA48A600ACDF1A /* CoreFoundation.framework */ = {isa = PBXFileReference; lastKnownFileType = wrapper.framework; name = CoreFoundation.framework; path = System/Library/Frameworks/CoreFoundation.framework; sourceTree = SDKROOT; };
		05C225851ACA48A600ACDF1A /* CoreLocation.framework */ = {isa = PBXFileReference; lastKnownFileType = wrapper.framework; name = CoreLocation.framework; path = System/Library/Frameworks/CoreLocation.framework; sourceTree = SDKROOT; };
		05C225861ACA48A600ACDF1A /* CoreMedia.framework */ = {isa = PBXFileReference; lastKnownFileType = wrapper.framework; name = CoreMedia.framework; path = System/Library/Frameworks/CoreMedia.framework; sourceTree = SDKROOT; };
		05C225871ACA48A600ACDF1A /* CoreTelephony.framework */ = {isa = PBXFileReference; lastKnownFileType = wrapper.framework; name = CoreTelephony.framework; path = System/Library/Frameworks/CoreTelephony.framework; sourceTree = SDKROOT; };
		05C225881ACA48A600ACDF1A /* CoreText.framework */ = {isa = PBXFileReference; lastKnownFileType = wrapper.framework; name = CoreText.framework; path = System/Library/Frameworks/CoreText.framework; sourceTree = SDKROOT; };
		05C225891ACA48A600ACDF1A /* EventKit.framework */ = {isa = PBXFileReference; lastKnownFileType = wrapper.framework; name = EventKit.framework; path = System/Library/Frameworks/EventKit.framework; sourceTree = SDKROOT; };
		05C2258A1ACA48A600ACDF1A /* EventKitUI.framework */ = {isa = PBXFileReference; lastKnownFileType = wrapper.framework; name = EventKitUI.framework; path = System/Library/Frameworks/EventKitUI.framework; sourceTree = SDKROOT; };
		05C2258B1ACA48A600ACDF1A /* ExternalAccessory.framework */ = {isa = PBXFileReference; lastKnownFileType = wrapper.framework; name = ExternalAccessory.framework; path = System/Library/Frameworks/ExternalAccessory.framework; sourceTree = SDKROOT; };
		05C2258C1ACA48A600ACDF1A /* Foundation.framework */ = {isa = PBXFileReference; lastKnownFileType = wrapper.framework; name = Foundation.framework; path = System/Library/Frameworks/Foundation.framework; sourceTree = SDKROOT; };
		05C2258D1ACA48A600ACDF1A /* ImageIO.framework */ = {isa = PBXFileReference; lastKnownFileType = wrapper.framework; name = ImageIO.framework; path = System/Library/Frameworks/ImageIO.framework; sourceTree = SDKROOT; };
		05C2258E1ACA48A600ACDF1A /* JavaScriptCore.framework */ = {isa = PBXFileReference; lastKnownFileType = wrapper.framework; name = JavaScriptCore.framework; path = System/Library/Frameworks/JavaScriptCore.framework; sourceTree = SDKROOT; };
		05C2258F1ACA48A600ACDF1A /* LocalAuthentication.framework */ = {isa = PBXFileReference; lastKnownFileType = wrapper.framework; name = LocalAuthentication.framework; path = System/Library/Frameworks/LocalAuthentication.framework; sourceTree = SDKROOT; };
		05C225901ACA48A600ACDF1A /* MapKit.framework */ = {isa = PBXFileReference; lastKnownFileType = wrapper.framework; name = MapKit.framework; path = System/Library/Frameworks/MapKit.framework; sourceTree = SDKROOT; };
		05C225911ACA48A600ACDF1A /* MediaAccessibility.framework */ = {isa = PBXFileReference; lastKnownFileType = wrapper.framework; name = MediaAccessibility.framework; path = System/Library/Frameworks/MediaAccessibility.framework; sourceTree = SDKROOT; };
		05C225921ACA48A600ACDF1A /* MessageUI.framework */ = {isa = PBXFileReference; lastKnownFileType = wrapper.framework; name = MessageUI.framework; path = System/Library/Frameworks/MessageUI.framework; sourceTree = SDKROOT; };
		05C225931ACA48A600ACDF1A /* MobileCoreServices.framework */ = {isa = PBXFileReference; lastKnownFileType = wrapper.framework; name = MobileCoreServices.framework; path = System/Library/Frameworks/MobileCoreServices.framework; sourceTree = SDKROOT; };
		05C225941ACA48A600ACDF1A /* MultipeerConnectivity.framework */ = {isa = PBXFileReference; lastKnownFileType = wrapper.framework; name = MultipeerConnectivity.framework; path = System/Library/Frameworks/MultipeerConnectivity.framework; sourceTree = SDKROOT; };
		05C225951ACA48A600ACDF1A /* NetworkExtension.framework */ = {isa = PBXFileReference; lastKnownFileType = wrapper.framework; name = NetworkExtension.framework; path = System/Library/Frameworks/NetworkExtension.framework; sourceTree = SDKROOT; };
		05C225961ACA48A600ACDF1A /* NotificationCenter.framework */ = {isa = PBXFileReference; lastKnownFileType = wrapper.framework; name = NotificationCenter.framework; path = System/Library/Frameworks/NotificationCenter.framework; sourceTree = SDKROOT; };
		05C225971ACA48A600ACDF1A /* Photos.framework */ = {isa = PBXFileReference; lastKnownFileType = wrapper.framework; name = Photos.framework; path = System/Library/Frameworks/Photos.framework; sourceTree = SDKROOT; };
		05C225981ACA48A600ACDF1A /* PhotosUI.framework */ = {isa = PBXFileReference; lastKnownFileType = wrapper.framework; name = PhotosUI.framework; path = System/Library/Frameworks/PhotosUI.framework; sourceTree = SDKROOT; };
		05C225991ACA48A600ACDF1A /* SafariServices.framework */ = {isa = PBXFileReference; lastKnownFileType = wrapper.framework; name = SafariServices.framework; path = System/Library/Frameworks/SafariServices.framework; sourceTree = SDKROOT; };
		05C2259A1ACA48A600ACDF1A /* Security.framework */ = {isa = PBXFileReference; lastKnownFileType = wrapper.framework; name = Security.framework; path = System/Library/Frameworks/Security.framework; sourceTree = SDKROOT; };
		05C2259B1ACA48A600ACDF1A /* SystemConfiguration.framework */ = {isa = PBXFileReference; lastKnownFileType = wrapper.framework; name = SystemConfiguration.framework; path = System/Library/Frameworks/SystemConfiguration.framework; sourceTree = SDKROOT; };
		05C2259C1ACA48A600ACDF1A /* UIKit.framework */ = {isa = PBXFileReference; lastKnownFileType = wrapper.framework; name = UIKit.framework; path = System/Library/Frameworks/UIKit.framework; sourceTree = SDKROOT; };
		05C2259D1ACA48A600ACDF1A /* WatchKit.framework */ = {isa = PBXFileReference; lastKnownFileType = wrapper.framework; name = WatchKit.framework; path = System/Library/Frameworks/WatchKit.framework; sourceTree = SDKROOT; };
		05C2259E1ACA48A600ACDF1A /* WebKit.framework */ = {isa = PBXFileReference; lastKnownFileType = wrapper.framework; name = WebKit.framework; path = System/Library/Frameworks/WebKit.framework; sourceTree = SDKROOT; };
/* End PBXFileReference section */

/* Begin PBXFrameworksBuildPhase section */
		05C225481ACA44FC00ACDF1A /* Frameworks */ = {
			isa = PBXFrameworksBuildPhase;
			buildActionMask = 2147483647;
			files = (
				0554F10B1ACAF8B7000A298C /* libsqlite3.dylib in Frameworks */,
				0554F1051ACAF780000A298C /* libsqlite3.0.dylib in Frameworks */,
				0554F1061ACAF780000A298C /* libstdc++.6.0.9.dylib in Frameworks */,
				05C2259F1ACA48A600ACDF1A /* AddressBook.framework in Frameworks */,
				05C225A01ACA48A600ACDF1A /* AudioUnit.framework in Frameworks */,
				05C225A11ACA48A600ACDF1A /* AVFoundation.framework in Frameworks */,
				05C225A21ACA48A600ACDF1A /* AVKit.framework in Frameworks */,
				05C225A31ACA48A600ACDF1A /* CoreAudio.framework in Frameworks */,
				05C225A41ACA48A600ACDF1A /* CoreAudioKit.framework in Frameworks */,
				05C225A51ACA48A600ACDF1A /* CoreBluetooth.framework in Frameworks */,
				05C225A61ACA48A600ACDF1A /* CoreData.framework in Frameworks */,
				05C225A71ACA48A600ACDF1A /* CoreFoundation.framework in Frameworks */,
				05C225A81ACA48A600ACDF1A /* CoreLocation.framework in Frameworks */,
				05C225A91ACA48A600ACDF1A /* CoreMedia.framework in Frameworks */,
				05C225AA1ACA48A600ACDF1A /* CoreTelephony.framework in Frameworks */,
				05C225AB1ACA48A600ACDF1A /* CoreText.framework in Frameworks */,
				05C225AC1ACA48A600ACDF1A /* EventKit.framework in Frameworks */,
				05C225AD1ACA48A600ACDF1A /* EventKitUI.framework in Frameworks */,
				05C225AE1ACA48A600ACDF1A /* ExternalAccessory.framework in Frameworks */,
				05C225AF1ACA48A600ACDF1A /* Foundation.framework in Frameworks */,
				05C225B01ACA48A600ACDF1A /* ImageIO.framework in Frameworks */,
				05C225B11ACA48A600ACDF1A /* JavaScriptCore.framework in Frameworks */,
				05C225B21ACA48A600ACDF1A /* LocalAuthentication.framework in Frameworks */,
				05C225B31ACA48A600ACDF1A /* MapKit.framework in Frameworks */,
				05C225B41ACA48A600ACDF1A /* MediaAccessibility.framework in Frameworks */,
				05C225B51ACA48A600ACDF1A /* MessageUI.framework in Frameworks */,
				05C225B61ACA48A600ACDF1A /* MobileCoreServices.framework in Frameworks */,
				05C225B71ACA48A600ACDF1A /* MultipeerConnectivity.framework in Frameworks */,
				05C225B81ACA48A600ACDF1A /* NetworkExtension.framework in Frameworks */,
				05C225B91ACA48A600ACDF1A /* NotificationCenter.framework in Frameworks */,
				05C225BA1ACA48A600ACDF1A /* Photos.framework in Frameworks */,
				05C225BB1ACA48A600ACDF1A /* PhotosUI.framework in Frameworks */,
				05C225BC1ACA48A600ACDF1A /* SafariServices.framework in Frameworks */,
				05C225BD1ACA48A600ACDF1A /* Security.framework in Frameworks */,
				05C225BE1ACA48A600ACDF1A /* SystemConfiguration.framework in Frameworks */,
				05C225BF1ACA48A600ACDF1A /* UIKit.framework in Frameworks */,
				05C225C01ACA48A600ACDF1A /* WatchKit.framework in Frameworks */,
				05C225C11ACA48A600ACDF1A /* WebKit.framework in Frameworks */,
			);
			runOnlyForDeploymentPostprocessing = 0;
		};
		05C225641ACA44FC00ACDF1A /* Frameworks */ = {
			isa = PBXFrameworksBuildPhase;
			buildActionMask = 2147483647;
			files = (
			);
			runOnlyForDeploymentPostprocessing = 0;
		};
/* End PBXFrameworksBuildPhase section */

/* Begin PBXGroup section */
		05C225421ACA44FC00ACDF1A = {
			isa = PBXGroup;
			children = (
				0554F10A1ACAF8B7000A298C /* libsqlite3.dylib */,
				0554F1031ACAF780000A298C /* libsqlite3.0.dylib */,
				0554F1041ACAF780000A298C /* libstdc++.6.0.9.dylib */,
				05C2257C1ACA48A600ACDF1A /* AddressBook.framework */,
				05C2257D1ACA48A600ACDF1A /* AudioUnit.framework */,
				05C2257E1ACA48A600ACDF1A /* AVFoundation.framework */,
				05C2257F1ACA48A600ACDF1A /* AVKit.framework */,
				05C225801ACA48A600ACDF1A /* CoreAudio.framework */,
				05C225811ACA48A600ACDF1A /* CoreAudioKit.framework */,
				05C225821ACA48A600ACDF1A /* CoreBluetooth.framework */,
				05C225831ACA48A600ACDF1A /* CoreData.framework */,
				05C225841ACA48A600ACDF1A /* CoreFoundation.framework */,
				05C225851ACA48A600ACDF1A /* CoreLocation.framework */,
				05C225861ACA48A600ACDF1A /* CoreMedia.framework */,
				05C225871ACA48A600ACDF1A /* CoreTelephony.framework */,
				05C225881ACA48A600ACDF1A /* CoreText.framework */,
				05C225891ACA48A600ACDF1A /* EventKit.framework */,
				05C2258A1ACA48A600ACDF1A /* EventKitUI.framework */,
				05C2258B1ACA48A600ACDF1A /* ExternalAccessory.framework */,
				05C2258C1ACA48A600ACDF1A /* Foundation.framework */,
				05C2258D1ACA48A600ACDF1A /* ImageIO.framework */,
				05C2258E1ACA48A600ACDF1A /* JavaScriptCore.framework */,
				05C2258F1ACA48A600ACDF1A /* LocalAuthentication.framework */,
				05C225901ACA48A600ACDF1A /* MapKit.framework */,
				05C225911ACA48A600ACDF1A /* MediaAccessibility.framework */,
				05C225921ACA48A600ACDF1A /* MessageUI.framework */,
				05C225931ACA48A600ACDF1A /* MobileCoreServices.framework */,
				05C225941ACA48A600ACDF1A /* MultipeerConnectivity.framework */,
				05C225951ACA48A600ACDF1A /* NetworkExtension.framework */,
				05C225961ACA48A600ACDF1A /* NotificationCenter.framework */,
				05C225971ACA48A600ACDF1A /* Photos.framework */,
				05C225981ACA48A600ACDF1A /* PhotosUI.framework */,
				05C225991ACA48A600ACDF1A /* SafariServices.framework */,
				05C2259A1ACA48A600ACDF1A /* Security.framework */,
				05C2259B1ACA48A600ACDF1A /* SystemConfiguration.framework */,
				05C2259C1ACA48A600ACDF1A /* UIKit.framework */,
				05C2259D1ACA48A600ACDF1A /* WatchKit.framework */,
				05C2259E1ACA48A600ACDF1A /* WebKit.framework */,
				05C2254D1ACA44FC00ACDF1A /* Howl */,
				05C2256A1ACA44FC00ACDF1A /* HowlTests */,
				05C2254C1ACA44FC00ACDF1A /* Products */,
			);
			sourceTree = "<group>";
		};
		05C2254C1ACA44FC00ACDF1A /* Products */ = {
			isa = PBXGroup;
			children = (
				05C2254B1ACA44FC00ACDF1A /* Howl.app */,
				05C225671ACA44FC00ACDF1A /* HowlTests.xctest */,
			);
			name = Products;
			sourceTree = "<group>";
		};
		05C2254D1ACA44FC00ACDF1A /* Howl */ = {
			isa = PBXGroup;
			children = (
				05C2257B1ACA46B500ACDF1A /* AppBackbone */,
				05C225521ACA44FC00ACDF1A /* AppDelegate.h */,
				05C225531ACA44FC00ACDF1A /* AppDelegate.m */,
				05C225581ACA44FC00ACDF1A /* ViewController.h */,
				05C225591ACA44FC00ACDF1A /* ViewController.m */,
				05C2255B1ACA44FC00ACDF1A /* Main.storyboard */,
				05C2255E1ACA44FC00ACDF1A /* Images.xcassets */,
				05C225601ACA44FC00ACDF1A /* LaunchScreen.xib */,
				05C225551ACA44FC00ACDF1A /* Howl.xcdatamodeld */,
				05C2254E1ACA44FC00ACDF1A /* Supporting Files */,
			);
			path = Howl;
			sourceTree = "<group>";
		};
		05C2254E1ACA44FC00ACDF1A /* Supporting Files */ = {
			isa = PBXGroup;
			children = (
				05C2254F1ACA44FC00ACDF1A /* Info.plist */,
				05C225501ACA44FC00ACDF1A /* main.m */,
			);
			name = "Supporting Files";
			sourceTree = "<group>";
		};
		05C2256A1ACA44FC00ACDF1A /* HowlTests */ = {
			isa = PBXGroup;
			children = (
				05C2256D1ACA44FC00ACDF1A /* HowlTests.m */,
				05C2256B1ACA44FC00ACDF1A /* Supporting Files */,
			);
			path = HowlTests;
			sourceTree = "<group>";
		};
		05C2256B1ACA44FC00ACDF1A /* Supporting Files */ = {
			isa = PBXGroup;
			children = (
				05C2256C1ACA44FC00ACDF1A /* Info.plist */,
			);
			name = "Supporting Files";
			sourceTree = "<group>";
		};
		05C2257B1ACA46B500ACDF1A /* AppBackbone */ = {
			isa = PBXGroup;
			children = (
				05C225781ACA46A300ACDF1A /* Function.h */,
				0554F1071ACAF7B0000A298C /* Database_logic.h */,
				0554F1081ACAF7B0000A298C /* Database_logic.m */,
				05C225791ACA46A300ACDF1A /* Function.m */,
			);
			name = AppBackbone;
			sourceTree = "<group>";
		};
/* End PBXGroup section */

/* Begin PBXNativeTarget section */
		05C2254A1ACA44FC00ACDF1A /* Howl */ = {
			isa = PBXNativeTarget;
			buildConfigurationList = 05C225711ACA44FC00ACDF1A /* Build configuration list for PBXNativeTarget "Howl" */;
			buildPhases = (
				05C225471ACA44FC00ACDF1A /* Sources */,
				05C225481ACA44FC00ACDF1A /* Frameworks */,
				05C225491ACA44FC00ACDF1A /* Resources */,
			);
			buildRules = (
			);
			dependencies = (
			);
			name = Howl;
			productName = Howl;
			productReference = 05C2254B1ACA44FC00ACDF1A /* Howl.app */;
			productType = "com.apple.product-type.application";
		};
		05C225661ACA44FC00ACDF1A /* HowlTests */ = {
			isa = PBXNativeTarget;
			buildConfigurationList = 05C225741ACA44FC00ACDF1A /* Build configuration list for PBXNativeTarget "HowlTests" */;
			buildPhases = (
				05C225631ACA44FC00ACDF1A /* Sources */,
				05C225641ACA44FC00ACDF1A /* Frameworks */,
				05C225651ACA44FC00ACDF1A /* Resources */,
			);
			buildRules = (
			);
			dependencies = (
				05C225691ACA44FC00ACDF1A /* PBXTargetDependency */,
			);
			name = HowlTests;
			productName = HowlTests;
			productReference = 05C225671ACA44FC00ACDF1A /* HowlTests.xctest */;
			productType = "com.apple.product-type.bundle.unit-test";
		};
/* End PBXNativeTarget section */

/* Begin PBXProject section */
		05C225431ACA44FC00ACDF1A /* Project object */ = {
			isa = PBXProject;
			attributes = {
				LastUpgradeCheck = 0620;
				ORGANIZATIONNAME = "Ryan Paglinawan";
				TargetAttributes = {
					05C2254A1ACA44FC00ACDF1A = {
						CreatedOnToolsVersion = 6.2;
					};
					05C225661ACA44FC00ACDF1A = {
						CreatedOnToolsVersion = 6.2;
						TestTargetID = 05C2254A1ACA44FC00ACDF1A;
					};
				};
			};
			buildConfigurationList = 05C225461ACA44FC00ACDF1A /* Build configuration list for PBXProject "Howl" */;
			compatibilityVersion = "Xcode 3.2";
			developmentRegion = English;
			hasScannedForEncodings = 0;
			knownRegions = (
				en,
				Base,
			);
			mainGroup = 05C225421ACA44FC00ACDF1A;
			productRefGroup = 05C2254C1ACA44FC00ACDF1A /* Products */;
			projectDirPath = "";
			projectRoot = "";
			targets = (
				05C2254A1ACA44FC00ACDF1A /* Howl */,
				05C225661ACA44FC00ACDF1A /* HowlTests */,
			);
		};
/* End PBXProject section */

/* Begin PBXResourcesBuildPhase section */
		05C225491ACA44FC00ACDF1A /* Resources */ = {
			isa = PBXResourcesBuildPhase;
			buildActionMask = 2147483647;
			files = (
				05C2255D1ACA44FC00ACDF1A /* Main.storyboard in Resources */,
				05C225621ACA44FC00ACDF1A /* LaunchScreen.xib in Resources */,
				05C2255F1ACA44FC00ACDF1A /* Images.xcassets in Resources */,
			);
			runOnlyForDeploymentPostprocessing = 0;
		};
		05C225651ACA44FC00ACDF1A /* Resources */ = {
			isa = PBXResourcesBuildPhase;
			buildActionMask = 2147483647;
			files = (
			);
			runOnlyForDeploymentPostprocessing = 0;
		};
/* End PBXResourcesBuildPhase section */

/* Begin PBXSourcesBuildPhase section */
		05C225471ACA44FC00ACDF1A /* Sources */ = {
			isa = PBXSourcesBuildPhase;
			buildActionMask = 2147483647;
			files = (
				05C225541ACA44FC00ACDF1A /* AppDelegate.m in Sources */,
				05C225571ACA44FC00ACDF1A /* Howl.xcdatamodeld in Sources */,
				05C2255A1ACA44FC00ACDF1A /* ViewController.m in Sources */,
				0554F1091ACAF7B0000A298C /* Database_logic.m in Sources */,
				05C225511ACA44FC00ACDF1A /* main.m in Sources */,
				05C2257A1ACA46A300ACDF1A /* Function.m in Sources */,
			);
			runOnlyForDeploymentPostprocessing = 0;
		};
		05C225631ACA44FC00ACDF1A /* Sources */ = {
			isa = PBXSourcesBuildPhase;
			buildActionMask = 2147483647;
			files = (
				05C2256E1ACA44FC00ACDF1A /* HowlTests.m in Sources */,
			);
			runOnlyForDeploymentPostprocessing = 0;
		};
/* End PBXSourcesBuildPhase section */

/* Begin PBXTargetDependency section */
		05C225691ACA44FC00ACDF1A /* PBXTargetDependency */ = {
			isa = PBXTargetDependency;
			target = 05C2254A1ACA44FC00ACDF1A /* Howl */;
			targetProxy = 05C225681ACA44FC00ACDF1A /* PBXContainerItemProxy */;
		};
/* End PBXTargetDependency section */

/* Begin PBXVariantGroup section */
		05C2255B1ACA44FC00ACDF1A /* Main.storyboard */ = {
			isa = PBXVariantGroup;
			children = (
				05C2255C1ACA44FC00ACDF1A /* Base */,
			);
			name = Main.storyboard;
			sourceTree = "<group>";
		};
		05C225601ACA44FC00ACDF1A /* LaunchScreen.xib */ = {
			isa = PBXVariantGroup;
			children = (
				05C225611ACA44FC00ACDF1A /* Base */,
			);
			name = LaunchScreen.xib;
			sourceTree = "<group>";
		};
/* End PBXVariantGroup section */

/* Begin XCBuildConfiguration section */
		05C2256F1ACA44FC00ACDF1A /* Debug */ = {
			isa = XCBuildConfiguration;
			buildSettings = {
				ALWAYS_SEARCH_USER_PATHS = NO;
				CLANG_CXX_LANGUAGE_STANDARD = "gnu++0x";
				CLANG_CXX_LIBRARY = "libc++";
				CLANG_ENABLE_MODULES = YES;
				CLANG_ENABLE_OBJC_ARC = YES;
				CLANG_WARN_BOOL_CONVERSION = YES;
				CLANG_WARN_CONSTANT_CONVERSION = YES;
				CLANG_WARN_DIRECT_OBJC_ISA_USAGE = YES_ERROR;
				CLANG_WARN_EMPTY_BODY = YES;
				CLANG_WARN_ENUM_CONVERSION = YES;
				CLANG_WARN_INT_CONVERSION = YES;
				CLANG_WARN_OBJC_ROOT_CLASS = YES_ERROR;
				CLANG_WARN_UNREACHABLE_CODE = YES;
				CLANG_WARN__DUPLICATE_METHOD_MATCH = YES;
				"CODE_SIGN_IDENTITY[sdk=iphoneos*]" = "iPhone Developer";
				COPY_PHASE_STRIP = NO;
				ENABLE_STRICT_OBJC_MSGSEND = YES;
				GCC_C_LANGUAGE_STANDARD = gnu99;
				GCC_DYNAMIC_NO_PIC = NO;
				GCC_OPTIMIZATION_LEVEL = 0;
				GCC_PREPROCESSOR_DEFINITIONS = (
					"DEBUG=1",
					"$(inherited)",
				);
				GCC_SYMBOLS_PRIVATE_EXTERN = NO;
				GCC_WARN_64_TO_32_BIT_CONVERSION = YES;
				GCC_WARN_ABOUT_RETURN_TYPE = YES_ERROR;
				GCC_WARN_UNDECLARED_SELECTOR = YES;
				GCC_WARN_UNINITIALIZED_AUTOS = YES_AGGRESSIVE;
				GCC_WARN_UNUSED_FUNCTION = YES;
				GCC_WARN_UNUSED_VARIABLE = YES;
				IPHONEOS_DEPLOYMENT_TARGET = 8.2;
				MTL_ENABLE_DEBUG_INFO = YES;
				ONLY_ACTIVE_ARCH = YES;
				SDKROOT = iphoneos;
				TARGETED_DEVICE_FAMILY = "1,2";
			};
			name = Debug;
		};
		05C225701ACA44FC00ACDF1A /* Release */ = {
			isa = XCBuildConfiguration;
			buildSettings = {
				ALWAYS_SEARCH_USER_PATHS = NO;
				CLANG_CXX_LANGUAGE_STANDARD = "gnu++0x";
				CLANG_CXX_LIBRARY = "libc++";
				CLANG_ENABLE_MODULES = YES;
				CLANG_ENABLE_OBJC_ARC = YES;
				CLANG_WARN_BOOL_CONVERSION = YES;
				CLANG_WARN_CONSTANT_CONVERSION = YES;
				CLANG_WARN_DIRECT_OBJC_ISA_USAGE = YES_ERROR;
				CLANG_WARN_EMPTY_BODY = YES;
				CLANG_WARN_ENUM_CONVERSION = YES;
				CLANG_WARN_INT_CONVERSION = YES;
				CLANG_WARN_OBJC_ROOT_CLASS = YES_ERROR;
				CLANG_WARN_UNREACHABLE_CODE = YES;
				CLANG_WARN__DUPLICATE_METHOD_MATCH = YES;
				"CODE_SIGN_IDENTITY[sdk=iphoneos*]" = "iPhone Developer";
				COPY_PHASE_STRIP = NO;
				ENABLE_NS_ASSERTIONS = NO;
				ENABLE_STRICT_OBJC_MSGSEND = YES;
				GCC_C_LANGUAGE_STANDARD = gnu99;
				GCC_WARN_64_TO_32_BIT_CONVERSION = YES;
				GCC_WARN_ABOUT_RETURN_TYPE = YES_ERROR;
				GCC_WARN_UNDECLARED_SELECTOR = YES;
				GCC_WARN_UNINITIALIZED_AUTOS = YES_AGGRESSIVE;
				GCC_WARN_UNUSED_FUNCTION = YES;
				GCC_WARN_UNUSED_VARIABLE = YES;
				IPHONEOS_DEPLOYMENT_TARGET = 8.2;
				MTL_ENABLE_DEBUG_INFO = NO;
				SDKROOT = iphoneos;
				TARGETED_DEVICE_FAMILY = "1,2";
				VALIDATE_PRODUCT = YES;
			};
			name = Release;
		};
		05C225721ACA44FC00ACDF1A /* Debug */ = {
			isa = XCBuildConfiguration;
			buildSettings = {
				ASSETCATALOG_COMPILER_APPICON_NAME = AppIcon;
				CODE_SIGN_IDENTITY = "iPhone Developer";
				INFOPLIST_FILE = Howl/Info.plist;
				LD_RUNPATH_SEARCH_PATHS = "$(inherited) @executable_path/Frameworks";
				PRODUCT_NAME = "$(TARGET_NAME)";
			};
			name = Debug;
		};
		05C225731ACA44FC00ACDF1A /* Release */ = {
			isa = XCBuildConfiguration;
			buildSettings = {
				ASSETCATALOG_COMPILER_APPICON_NAME = AppIcon;
				CODE_SIGN_IDENTITY = "iPhone Developer";
				INFOPLIST_FILE = Howl/Info.plist;
				LD_RUNPATH_SEARCH_PATHS = "$(inherited) @executable_path/Frameworks";
				PRODUCT_NAME = "$(TARGET_NAME)";
			};
			name = Release;
		};
		05C225751ACA44FC00ACDF1A /* Debug */ = {
			isa = XCBuildConfiguration;
			buildSettings = {
				BUNDLE_LOADER = "$(TEST_HOST)";
				FRAMEWORK_SEARCH_PATHS = (
					"$(SDKROOT)/Developer/Library/Frameworks",
					"$(inherited)",
				);
				GCC_PREPROCESSOR_DEFINITIONS = (
					"DEBUG=1",
					"$(inherited)",
				);
				INFOPLIST_FILE = HowlTests/Info.plist;
				LD_RUNPATH_SEARCH_PATHS = "$(inherited) @executable_path/Frameworks @loader_path/Frameworks";
				PRODUCT_NAME = "$(TARGET_NAME)";
				TEST_HOST = "$(BUILT_PRODUCTS_DIR)/Howl.app/Howl";
			};
			name = Debug;
		};
		05C225761ACA44FC00ACDF1A /* Release */ = {
			isa = XCBuildConfiguration;
			buildSettings = {
				BUNDLE_LOADER = "$(TEST_HOST)";
				FRAMEWORK_SEARCH_PATHS = (
					"$(SDKROOT)/Developer/Library/Frameworks",
					"$(inherited)",
				);
				INFOPLIST_FILE = HowlTests/Info.plist;
				LD_RUNPATH_SEARCH_PATHS = "$(inherited) @executable_path/Frameworks @loader_path/Frameworks";
				PRODUCT_NAME = "$(TARGET_NAME)";
				TEST_HOST = "$(BUILT_PRODUCTS_DIR)/Howl.app/Howl";
			};
			name = Release;
		};
/* End XCBuildConfiguration section */

/* Begin XCConfigurationList section */
		05C225461ACA44FC00ACDF1A /* Build configuration list for PBXProject "Howl" */ = {
			isa = XCConfigurationList;
			buildConfigurations = (
				05C2256F1ACA44FC00ACDF1A /* Debug */,
				05C225701ACA44FC00ACDF1A /* Release */,
			);
			defaultConfigurationIsVisible = 0;
			defaultConfigurationName = Release;
		};
		05C225711ACA44FC00ACDF1A /* Build configuration list for PBXNativeTarget "Howl" */ = {
			isa = XCConfigurationList;
			buildConfigurations = (
				05C225721ACA44FC00ACDF1A /* Debug */,
				05C225731ACA44FC00ACDF1A /* Release */,
			);
			defaultConfigurationIsVisible = 0;
			defaultConfigurationName = Release;
		};
		05C225741ACA44FC00ACDF1A /* Build configuration list for PBXNativeTarget "HowlTests" */ = {
			isa = XCConfigurationList;
			buildConfigurations = (
				05C225751ACA44FC00ACDF1A /* Debug */,
				05C225761ACA44FC00ACDF1A /* Release */,
			);
			defaultConfigurationIsVisible = 0;
			defaultConfigurationName = Release;
		};
/* End XCConfigurationList section */

/* Begin XCVersionGroup section */
		05C225551ACA44FC00ACDF1A /* Howl.xcdatamodeld */ = {
			isa = XCVersionGroup;
			children = (
				05C225561ACA44FC00ACDF1A /* Howl.xcdatamodel */,
			);
			currentVersion = 05C225561ACA44FC00ACDF1A /* Howl.xcdatamodel */;
			path = Howl.xcdatamodeld;
			sourceTree = "<group>";
			versionGroupType = wrapper.xcdatamodel;
		};
/* End XCVersionGroup section */
	};
	rootObject = 05C225431ACA44FC00ACDF1A /* Project object */;
}
